// !$*UTF8*$!
{
	archiveVersion = 1;
	classes = {
	};
	objectVersion = 51;
	objects = {

/* Begin PBXBuildFile section */
		15243994269C1012009E5E8E /* KeepinPlusBlankTVC.swift in Sources */ = {isa = PBXBuildFile; fileRef = 15243992269C1012009E5E8E /* KeepinPlusBlankTVC.swift */; };
		15243995269C1012009E5E8E /* KeepinPlusBlankTVC.xib in Resources */ = {isa = PBXBuildFile; fileRef = 15243993269C1012009E5E8E /* KeepinPlusBlankTVC.xib */; };
		152439D3269C49F8009E5E8E /* HomeResponse.swift in Sources */ = {isa = PBXBuildFile; fileRef = 152439D2269C49F8009E5E8E /* HomeResponse.swift */; };
		152439D5269C4A05009E5E8E /* HomeDataManager.swift in Sources */ = {isa = PBXBuildFile; fileRef = 152439D4269C4A05009E5E8E /* HomeDataManager.swift */; };
		152439E6269D4A89009E5E8E /* EmailLoginRequest.swift in Sources */ = {isa = PBXBuildFile; fileRef = 152439E5269D4A89009E5E8E /* EmailLoginRequest.swift */; };
		152439E8269D4A91009E5E8E /* EmailLoginResponse.swift in Sources */ = {isa = PBXBuildFile; fileRef = 152439E7269D4A91009E5E8E /* EmailLoginResponse.swift */; };
		152439EA269D4AAA009E5E8E /* EmailLoginDataManager.swift in Sources */ = {isa = PBXBuildFile; fileRef = 152439E9269D4AAA009E5E8E /* EmailLoginDataManager.swift */; };
		1529FF7E26979F57000AD789 /* KeepinPlusTitleTVC.swift in Sources */ = {isa = PBXBuildFile; fileRef = 1529FF7C26979F57000AD789 /* KeepinPlusTitleTVC.swift */; };
		1529FF7F26979F57000AD789 /* KeepinPlusTitleTVC.xib in Resources */ = {isa = PBXBuildFile; fileRef = 1529FF7D26979F57000AD789 /* KeepinPlusTitleTVC.xib */; };
		1529FF8626998496000AD789 /* KeepinPlusInputTVC.swift in Sources */ = {isa = PBXBuildFile; fileRef = 1529FF8426998496000AD789 /* KeepinPlusInputTVC.swift */; };
		1529FF8726998496000AD789 /* KeepinPlusInputTVC.xib in Resources */ = {isa = PBXBuildFile; fileRef = 1529FF8526998496000AD789 /* KeepinPlusInputTVC.xib */; };
		1529FF8E269984D2000AD789 /* KeepinPlusSearchTVC.swift in Sources */ = {isa = PBXBuildFile; fileRef = 1529FF8C269984D2000AD789 /* KeepinPlusSearchTVC.swift */; };
		1529FF8F269984D2000AD789 /* KeepinPlusSearchTVC.xib in Resources */ = {isa = PBXBuildFile; fileRef = 1529FF8D269984D2000AD789 /* KeepinPlusSearchTVC.xib */; };
		1529FF9226998585000AD789 /* KeepinPlusImageTVC.swift in Sources */ = {isa = PBXBuildFile; fileRef = 1529FF9026998585000AD789 /* KeepinPlusImageTVC.swift */; };
		1529FF9326998585000AD789 /* KeepinPlusImageTVC.xib in Resources */ = {isa = PBXBuildFile; fileRef = 1529FF9126998585000AD789 /* KeepinPlusImageTVC.xib */; };
		1529FF96269985A8000AD789 /* KeepinPlusCategoryTVC.swift in Sources */ = {isa = PBXBuildFile; fileRef = 1529FF94269985A8000AD789 /* KeepinPlusCategoryTVC.swift */; };
		1529FF97269985A8000AD789 /* KeepinPlusCategoryTVC.xib in Resources */ = {isa = PBXBuildFile; fileRef = 1529FF95269985A8000AD789 /* KeepinPlusCategoryTVC.xib */; };
		1529FF9A269985B9000AD789 /* KeppinPlusSelectTVC.swift in Sources */ = {isa = PBXBuildFile; fileRef = 1529FF98269985B8000AD789 /* KeppinPlusSelectTVC.swift */; };
		1529FF9B269985B9000AD789 /* KeppinPlusSelectTVC.xib in Resources */ = {isa = PBXBuildFile; fileRef = 1529FF99269985B8000AD789 /* KeppinPlusSelectTVC.xib */; };
		1529FF9E269985CB000AD789 /* KeepinPlusWriteTVC.swift in Sources */ = {isa = PBXBuildFile; fileRef = 1529FF9C269985CB000AD789 /* KeepinPlusWriteTVC.swift */; };
		1529FF9F269985CB000AD789 /* KeepinPlusWriteTVC.xib in Resources */ = {isa = PBXBuildFile; fileRef = 1529FF9D269985CB000AD789 /* KeepinPlusWriteTVC.xib */; };
		153462D12694468B00060E44 /* JoinFirstVC.swift in Sources */ = {isa = PBXBuildFile; fileRef = 153462CF2694468B00060E44 /* JoinFirstVC.swift */; };
		153462D22694468B00060E44 /* JoinFirstVC.xib in Resources */ = {isa = PBXBuildFile; fileRef = 153462D02694468B00060E44 /* JoinFirstVC.xib */; };
		153462D52694469900060E44 /* JoinSecondVC.swift in Sources */ = {isa = PBXBuildFile; fileRef = 153462D32694469900060E44 /* JoinSecondVC.swift */; };
		153462D62694469900060E44 /* JoinSecondVC.xib in Resources */ = {isa = PBXBuildFile; fileRef = 153462D42694469900060E44 /* JoinSecondVC.xib */; };
		156E2947269E7CF7000CBEEA /* UIImageView.swift in Sources */ = {isa = PBXBuildFile; fileRef = 156E2946269E7CF7000CBEEA /* UIImageView.swift */; };
		15B71A51269D7CC500ED68E0 /* JoinRequest.swift in Sources */ = {isa = PBXBuildFile; fileRef = 15B71A50269D7CC500ED68E0 /* JoinRequest.swift */; };
		15B71A53269D7CCE00ED68E0 /* JoinResponse.swift in Sources */ = {isa = PBXBuildFile; fileRef = 15B71A52269D7CCE00ED68E0 /* JoinResponse.swift */; };
		15B71A55269D7CD600ED68E0 /* JoinDataManager.swift in Sources */ = {isa = PBXBuildFile; fileRef = 15B71A54269D7CD600ED68E0 /* JoinDataManager.swift */; };
		15C1221F268E2FBF00838E55 /* NotoSansCJKkr-Bold.otf in Resources */ = {isa = PBXBuildFile; fileRef = 15C12219268E2FBF00838E55 /* NotoSansCJKkr-Bold.otf */; };
		15C12220268E2FBF00838E55 /* NotoSansCJKkr-Medium.otf in Resources */ = {isa = PBXBuildFile; fileRef = 15C1221A268E2FBF00838E55 /* NotoSansCJKkr-Medium.otf */; };
		15C12221268E2FBF00838E55 /* NotoSansCJKkr-Regular.otf in Resources */ = {isa = PBXBuildFile; fileRef = 15C1221B268E2FBF00838E55 /* NotoSansCJKkr-Regular.otf */; };
		15C12222268E2FBF00838E55 /* GmarketSansTTFMedium.ttf in Resources */ = {isa = PBXBuildFile; fileRef = 15C1221C268E2FBF00838E55 /* GmarketSansTTFMedium.ttf */; };
		15C12223268E2FBF00838E55 /* GmarketSansTTFBold.ttf in Resources */ = {isa = PBXBuildFile; fileRef = 15C1221D268E2FBF00838E55 /* GmarketSansTTFBold.ttf */; };
		15C12224268E2FBF00838E55 /* GmarketSansTTFLight.ttf in Resources */ = {isa = PBXBuildFile; fileRef = 15C1221E268E2FBF00838E55 /* GmarketSansTTFLight.ttf */; };
		15C12228268ED4D900838E55 /* HomeEventTVC.swift in Sources */ = {isa = PBXBuildFile; fileRef = 15C12226268ED4D900838E55 /* HomeEventTVC.swift */; };
		15C12229268ED4D900838E55 /* HomeEventTVC.xib in Resources */ = {isa = PBXBuildFile; fileRef = 15C12227268ED4D900838E55 /* HomeEventTVC.xib */; };
		15C1222C268F063C00838E55 /* HomeTopTVC.swift in Sources */ = {isa = PBXBuildFile; fileRef = 15C1222A268F063C00838E55 /* HomeTopTVC.swift */; };
		15C1222D268F063C00838E55 /* HomeTopTVC.xib in Resources */ = {isa = PBXBuildFile; fileRef = 15C1222B268F063C00838E55 /* HomeTopTVC.xib */; };
		15C122352692DA7300838E55 /* LoginFirstVC.swift in Sources */ = {isa = PBXBuildFile; fileRef = 15C122332692DA7300838E55 /* LoginFirstVC.swift */; };
		15C122362692DA7300838E55 /* LoginFirstVC.xib in Resources */ = {isa = PBXBuildFile; fileRef = 15C122342692DA7300838E55 /* LoginFirstVC.xib */; };
		15C1223A2693077E00838E55 /* EmailLoginVC.swift in Sources */ = {isa = PBXBuildFile; fileRef = 15C122382693077E00838E55 /* EmailLoginVC.swift */; };
		15C1223B2693077E00838E55 /* EmailLoginVC.xib in Resources */ = {isa = PBXBuildFile; fileRef = 15C122392693077E00838E55 /* EmailLoginVC.xib */; };
		71210D50269C931C00568982 /* MyPageHomeDataManager.swift in Sources */ = {isa = PBXBuildFile; fileRef = 71210D4F269C931C00568982 /* MyPageHomeDataManager.swift */; };
		71210D52269C934C00568982 /* MyPageHomeResponse.swift in Sources */ = {isa = PBXBuildFile; fileRef = 71210D51269C934C00568982 /* MyPageHomeResponse.swift */; };
		713D383C269D64C500BABA1E /* MyPageFriendResponse.swift in Sources */ = {isa = PBXBuildFile; fileRef = 713D383B269D64C500BABA1E /* MyPageFriendResponse.swift */; };
		717A024F269ACF9E00241171 /* MyPageEditNameVC.swift in Sources */ = {isa = PBXBuildFile; fileRef = 717A024D269ACF9E00241171 /* MyPageEditNameVC.swift */; };
		717A0250269ACF9E00241171 /* MyPageEditNameVC.xib in Resources */ = {isa = PBXBuildFile; fileRef = 717A024E269ACF9E00241171 /* MyPageEditNameVC.xib */; };
		717A0253269ACFC800241171 /* MyPageEditPwVC.swift in Sources */ = {isa = PBXBuildFile; fileRef = 717A0251269ACFC800241171 /* MyPageEditPwVC.swift */; };
		717A0254269ACFC800241171 /* MyPageEditPwVC.xib in Resources */ = {isa = PBXBuildFile; fileRef = 717A0252269ACFC800241171 /* MyPageEditPwVC.xib */; };
		717A0258269ACFF800241171 /* MyPageEditPhoneVC.swift in Sources */ = {isa = PBXBuildFile; fileRef = 717A0256269ACFF800241171 /* MyPageEditPhoneVC.swift */; };
		717A0259269ACFF800241171 /* MyPageEditPhoneVC.xib in Resources */ = {isa = PBXBuildFile; fileRef = 717A0257269ACFF800241171 /* MyPageEditPhoneVC.xib */; };
		71AC81872692D77B00758994 /* MyPageDetailTopCVC.swift in Sources */ = {isa = PBXBuildFile; fileRef = 71AC81852692D77B00758994 /* MyPageDetailTopCVC.swift */; };
		71AC81882692D77B00758994 /* MyPageDetailTopCVC.xib in Resources */ = {isa = PBXBuildFile; fileRef = 71AC81862692D77B00758994 /* MyPageDetailTopCVC.xib */; };
		71AC818F2692F00D00758994 /* MyPageDetailPresentCVC.swift in Sources */ = {isa = PBXBuildFile; fileRef = 71AC818D2692F00D00758994 /* MyPageDetailPresentCVC.swift */; };
		71AC81902692F00D00758994 /* MyPageDetailPresentCVC.xib in Resources */ = {isa = PBXBuildFile; fileRef = 71AC818E2692F00D00758994 /* MyPageDetailPresentCVC.xib */; };
		71AC81932692F1A700758994 /* MyPageDetailMemoCVC.swift in Sources */ = {isa = PBXBuildFile; fileRef = 71AC81912692F1A700758994 /* MyPageDetailMemoCVC.swift */; };
		71AC81942692F1A700758994 /* MyPageDetailMemoCVC.xib in Resources */ = {isa = PBXBuildFile; fileRef = 71AC81922692F1A700758994 /* MyPageDetailMemoCVC.xib */; };
		71C197AD26975103004C0490 /* MyPageProfileVC.swift in Sources */ = {isa = PBXBuildFile; fileRef = 71C197AB26975103004C0490 /* MyPageProfileVC.swift */; };
		71C197AE26975103004C0490 /* MyPageProfileVC.xib in Resources */ = {isa = PBXBuildFile; fileRef = 71C197AC26975103004C0490 /* MyPageProfileVC.xib */; };
		71C197BA26977BBC004C0490 /* MyPageFriendFixVC.swift in Sources */ = {isa = PBXBuildFile; fileRef = 71C197B826977BBC004C0490 /* MyPageFriendFixVC.swift */; };
		71C197BB26977BBC004C0490 /* MyPageFriendFixVC.xib in Resources */ = {isa = PBXBuildFile; fileRef = 71C197B926977BBC004C0490 /* MyPageFriendFixVC.xib */; };
		71D5D478269E86DD004D9CC7 /* MyPageDetailResponse.swift in Sources */ = {isa = PBXBuildFile; fileRef = 71D5D477269E86DD004D9CC7 /* MyPageDetailResponse.swift */; };
		71D5D47A269E8704004D9CC7 /* MyPageDetailDataManager.swift in Sources */ = {isa = PBXBuildFile; fileRef = 71D5D479269E8704004D9CC7 /* MyPageDetailDataManager.swift */; };
		71D5D47D269EB7C6004D9CC7 /* NavigationBarCVC.swift in Sources */ = {isa = PBXBuildFile; fileRef = 71D5D47B269EB7C6004D9CC7 /* NavigationBarCVC.swift */; };
		71D5D47E269EB7C6004D9CC7 /* NavigationBarCVC.xib in Resources */ = {isa = PBXBuildFile; fileRef = 71D5D47C269EB7C6004D9CC7 /* NavigationBarCVC.xib */; };
		71DA81E02694424D0062A3FA /* MyPageDetailPresentMoaCVC.swift in Sources */ = {isa = PBXBuildFile; fileRef = 71DA81DE2694424D0062A3FA /* MyPageDetailPresentMoaCVC.swift */; };
		71DA81E12694424D0062A3FA /* MyPageDetailPresentMoaCVC.xib in Resources */ = {isa = PBXBuildFile; fileRef = 71DA81DF2694424D0062A3FA /* MyPageDetailPresentMoaCVC.xib */; };
		71E13230269876FC00DB2D9F /* MyPageHomeVC.swift in Sources */ = {isa = PBXBuildFile; fileRef = 71E1322E269876FC00DB2D9F /* MyPageHomeVC.swift */; };
		71E13231269876FC00DB2D9F /* MyPageHomeVC.xib in Resources */ = {isa = PBXBuildFile; fileRef = 71E1322F269876FC00DB2D9F /* MyPageHomeVC.xib */; };
		71E1324126987EFD00DB2D9F /* MyPageHomeTopCVC.swift in Sources */ = {isa = PBXBuildFile; fileRef = 71E1323F26987EFD00DB2D9F /* MyPageHomeTopCVC.swift */; };
		71E1324226987EFD00DB2D9F /* MyPageHomeTopCVC.xib in Resources */ = {isa = PBXBuildFile; fileRef = 71E1324026987EFD00DB2D9F /* MyPageHomeTopCVC.xib */; };
		71E1324526987F3200DB2D9F /* MyPageHomeHeaderCVC.swift in Sources */ = {isa = PBXBuildFile; fileRef = 71E1324326987F3200DB2D9F /* MyPageHomeHeaderCVC.swift */; };
		71E1324626987F3200DB2D9F /* MyPageHomeHeaderCVC.xib in Resources */ = {isa = PBXBuildFile; fileRef = 71E1324426987F3200DB2D9F /* MyPageHomeHeaderCVC.xib */; };
		71E1324926987F5200DB2D9F /* MyPageHomeFriendCVC.swift in Sources */ = {isa = PBXBuildFile; fileRef = 71E1324726987F5200DB2D9F /* MyPageHomeFriendCVC.swift */; };
		71E1324A26987F5200DB2D9F /* MyPageHomeFriendCVC.xib in Resources */ = {isa = PBXBuildFile; fileRef = 71E1324826987F5200DB2D9F /* MyPageHomeFriendCVC.xib */; };
		71E1324D2698A8BF00DB2D9F /* FriendListCVC.swift in Sources */ = {isa = PBXBuildFile; fileRef = 71E1324B2698A8BF00DB2D9F /* FriendListCVC.swift */; };
		71E1324E2698A8BF00DB2D9F /* FriendListCVC.xib in Resources */ = {isa = PBXBuildFile; fileRef = 71E1324C2698A8BF00DB2D9F /* FriendListCVC.xib */; };
		71E1FBE0269BF530006A42C3 /* CustomCollectionViewFlowLayout.swift in Sources */ = {isa = PBXBuildFile; fileRef = 71E1FBDF269BF530006A42C3 /* CustomCollectionViewFlowLayout.swift */; };
		71E265C52699D80900BD6840 /* KeepinPlusFriendVC.swift in Sources */ = {isa = PBXBuildFile; fileRef = 71E265C32699D80900BD6840 /* KeepinPlusFriendVC.swift */; };
		71E265C62699D80900BD6840 /* KeepinPlusFriendVC.xib in Resources */ = {isa = PBXBuildFile; fileRef = 71E265C42699D80900BD6840 /* KeepinPlusFriendVC.xib */; };
		71F8F8C0268DFDE30031BC50 /* UIFont.swift in Sources */ = {isa = PBXBuildFile; fileRef = 71F8F8BF268DFDE30031BC50 /* UIFont.swift */; };
		7719B57C269724A900CBBB11 /* AfterCatVC.swift in Sources */ = {isa = PBXBuildFile; fileRef = 7719B57A269724A800CBBB11 /* AfterCatVC.swift */; };
		7719B57D269724A900CBBB11 /* AfterCatVC.xib in Resources */ = {isa = PBXBuildFile; fileRef = 7719B57B269724A800CBBB11 /* AfterCatVC.xib */; };
		7719B58226979D0900CBBB11 /* ReminderAddVC.swift in Sources */ = {isa = PBXBuildFile; fileRef = 7719B58026979D0800CBBB11 /* ReminderAddVC.swift */; };
		7719B58326979D0900CBBB11 /* ReminderAddVC.xib in Resources */ = {isa = PBXBuildFile; fileRef = 7719B58126979D0800CBBB11 /* ReminderAddVC.xib */; };
		7719B5872699CCA300CBBB11 /* Date.swift in Sources */ = {isa = PBXBuildFile; fileRef = 7719B5862699CCA200CBBB11 /* Date.swift */; };
		7719B58F269A1DBD00CBBB11 /* ReminderCVC.swift in Sources */ = {isa = PBXBuildFile; fileRef = 7719B58D269A1DBD00CBBB11 /* ReminderCVC.swift */; };
		7719B590269A1DBD00CBBB11 /* ReminderCVC.xib in Resources */ = {isa = PBXBuildFile; fileRef = 7719B58E269A1DBD00CBBB11 /* ReminderCVC.xib */; };
		7719B593269AC9BC00CBBB11 /* ReminderTVC.swift in Sources */ = {isa = PBXBuildFile; fileRef = 7719B591269AC9BB00CBBB11 /* ReminderTVC.swift */; };
		7719B594269AC9BC00CBBB11 /* ReminderTVC.xib in Resources */ = {isa = PBXBuildFile; fileRef = 7719B592269AC9BB00CBBB11 /* ReminderTVC.xib */; };
		7719B596269ADE2900CBBB11 /* UISwitch.swift in Sources */ = {isa = PBXBuildFile; fileRef = 7719B595269ADE2900CBBB11 /* UISwitch.swift */; };
		7719B5B1269C049400CBBB11 /* Token.swift in Sources */ = {isa = PBXBuildFile; fileRef = 7719B5B0269C049300CBBB11 /* Token.swift */; };
		7719B5C6269C2E0300CBBB11 /* PresentMoaHomeRequest.swift in Sources */ = {isa = PBXBuildFile; fileRef = 7719B5C5269C2E0300CBBB11 /* PresentMoaHomeRequest.swift */; };
		7719B5C8269C2E1B00CBBB11 /* PresentMoaHomeDataManager.swift in Sources */ = {isa = PBXBuildFile; fileRef = 7719B5C7269C2E1B00CBBB11 /* PresentMoaHomeDataManager.swift */; };
		7719B5CA269C2E2700CBBB11 /* PresentMoaHomeResponse.swift in Sources */ = {isa = PBXBuildFile; fileRef = 7719B5C9269C2E2700CBBB11 /* PresentMoaHomeResponse.swift */; };
		7719B5CE269C459700CBBB11 /* SearchDataManager.swift in Sources */ = {isa = PBXBuildFile; fileRef = 7719B5CD269C459700CBBB11 /* SearchDataManager.swift */; };
		7719B5D0269C45A900CBBB11 /* SearchResponse.swift in Sources */ = {isa = PBXBuildFile; fileRef = 7719B5CF269C45A900CBBB11 /* SearchResponse.swift */; };
		7719B5D2269C45B800CBBB11 /* SearchRequest.swift in Sources */ = {isa = PBXBuildFile; fileRef = 7719B5D1269C45B800CBBB11 /* SearchRequest.swift */; };
		7719B5D8269D71D900CBBB11 /* PresentDetailResponse.swift in Sources */ = {isa = PBXBuildFile; fileRef = 7719B5D7269D71D800CBBB11 /* PresentDetailResponse.swift */; };
		7719B5DA269D71E400CBBB11 /* PresentDetailRequest.swift in Sources */ = {isa = PBXBuildFile; fileRef = 7719B5D9269D71E400CBBB11 /* PresentDetailRequest.swift */; };
		7719B5DC269D71F300CBBB11 /* PresentDetailDataManager.swift in Sources */ = {isa = PBXBuildFile; fileRef = 7719B5DB269D71F300CBBB11 /* PresentDetailDataManager.swift */; };
		773D414E26942E8000A4E366 /* PresentDetailCVC.swift in Sources */ = {isa = PBXBuildFile; fileRef = 773D414C26942E8000A4E366 /* PresentDetailCVC.swift */; };
		773D414F26942E8000A4E366 /* PresentDetailCVC.xib in Resources */ = {isa = PBXBuildFile; fileRef = 773D414D26942E8000A4E366 /* PresentDetailCVC.xib */; };
		77F047E3268AF98F00FBFDD7 /* AppDelegate.swift in Sources */ = {isa = PBXBuildFile; fileRef = 77F047E2268AF98F00FBFDD7 /* AppDelegate.swift */; };
		77F047E5268AF98F00FBFDD7 /* SceneDelegate.swift in Sources */ = {isa = PBXBuildFile; fileRef = 77F047E4268AF98F00FBFDD7 /* SceneDelegate.swift */; };
		77F047EC268AF99900FBFDD7 /* Assets.xcassets in Resources */ = {isa = PBXBuildFile; fileRef = 77F047EB268AF99900FBFDD7 /* Assets.xcassets */; };
		77F047EF268AF99900FBFDD7 /* LaunchScreen.storyboard in Resources */ = {isa = PBXBuildFile; fileRef = 77F047ED268AF99900FBFDD7 /* LaunchScreen.storyboard */; };
		77F04806268B0CB000FBFDD7 /* Constants.swift in Sources */ = {isa = PBXBuildFile; fileRef = 77F04805268B0CB000FBFDD7 /* Constants.swift */; };
		77F04811268C44BA00FBFDD7 /* UIColor.swift in Sources */ = {isa = PBXBuildFile; fileRef = 77F04810268C44BA00FBFDD7 /* UIColor.swift */; };
		77F04814268C454600FBFDD7 /* UIButton.swift in Sources */ = {isa = PBXBuildFile; fileRef = 77F04813268C454600FBFDD7 /* UIButton.swift */; };
		77F04817268C45BB00FBFDD7 /* UIViewController.swift in Sources */ = {isa = PBXBuildFile; fileRef = 77F04816268C45BB00FBFDD7 /* UIViewController.swift */; };
		77F0481F268C49AE00FBFDD7 /* SplashVC.swift in Sources */ = {isa = PBXBuildFile; fileRef = 77F0481D268C49AE00FBFDD7 /* SplashVC.swift */; };
		77F04820268C49AE00FBFDD7 /* SplashVC.xib in Resources */ = {isa = PBXBuildFile; fileRef = 77F0481E268C49AE00FBFDD7 /* SplashVC.xib */; };
		77F04825268C49BF00FBFDD7 /* HomeVC.swift in Sources */ = {isa = PBXBuildFile; fileRef = 77F04823268C49BF00FBFDD7 /* HomeVC.swift */; };
		77F04826268C49BF00FBFDD7 /* HomeVC.xib in Resources */ = {isa = PBXBuildFile; fileRef = 77F04824268C49BF00FBFDD7 /* HomeVC.xib */; };
		77F0482A268C49D100FBFDD7 /* PresentMoaVC.swift in Sources */ = {isa = PBXBuildFile; fileRef = 77F04828268C49D100FBFDD7 /* PresentMoaVC.swift */; };
		77F0482B268C49D100FBFDD7 /* PresentMoaVC.xib in Resources */ = {isa = PBXBuildFile; fileRef = 77F04829268C49D100FBFDD7 /* PresentMoaVC.xib */; };
		77F04831268C4C3A00FBFDD7 /* PresentDetailVC.swift in Sources */ = {isa = PBXBuildFile; fileRef = 77F0482F268C4C3A00FBFDD7 /* PresentDetailVC.swift */; };
		77F04832268C4C3A00FBFDD7 /* PresentDetailVC.xib in Resources */ = {isa = PBXBuildFile; fileRef = 77F04830268C4C3A00FBFDD7 /* PresentDetailVC.xib */; };
		77F0483F268C4D2400FBFDD7 /* MyPageDetailVC.swift in Sources */ = {isa = PBXBuildFile; fileRef = 77F0483D268C4D2400FBFDD7 /* MyPageDetailVC.swift */; };
		77F04840268C4D2400FBFDD7 /* MyPageDetailVC.xib in Resources */ = {isa = PBXBuildFile; fileRef = 77F0483E268C4D2400FBFDD7 /* MyPageDetailVC.xib */; };
		77F04846268C4DA000FBFDD7 /* KeepinPlusVC.swift in Sources */ = {isa = PBXBuildFile; fileRef = 77F04844268C4DA000FBFDD7 /* KeepinPlusVC.swift */; };
		77F04847268C4DA000FBFDD7 /* KeepinPlusVC.xib in Resources */ = {isa = PBXBuildFile; fileRef = 77F04845268C4DA000FBFDD7 /* KeepinPlusVC.xib */; };
		77F0484C268C4DB400FBFDD7 /* SelectFriendVC.swift in Sources */ = {isa = PBXBuildFile; fileRef = 77F0484A268C4DB400FBFDD7 /* SelectFriendVC.swift */; };
		77F0484D268C4DB400FBFDD7 /* SelectFriendVC.xib in Resources */ = {isa = PBXBuildFile; fileRef = 77F0484B268C4DB400FBFDD7 /* SelectFriendVC.xib */; };
		77F04851268C4E2500FBFDD7 /* BaseTBC.swift in Sources */ = {isa = PBXBuildFile; fileRef = 77F04850268C4E2500FBFDD7 /* BaseTBC.swift */; };
		77F549D4268ECF6C0013A76C /* ReminderVC.swift in Sources */ = {isa = PBXBuildFile; fileRef = 77F549D2268ECF6C0013A76C /* ReminderVC.swift */; };
		77F549D5268ECF6C0013A76C /* ReminderVC.xib in Resources */ = {isa = PBXBuildFile; fileRef = 77F549D3268ECF6C0013A76C /* ReminderVC.xib */; };
		77F549DE268EE92C0013A76C /* SearchVC.swift in Sources */ = {isa = PBXBuildFile; fileRef = 77F549DC268EE92C0013A76C /* SearchVC.swift */; };
		77F549DF268EE92C0013A76C /* SearchVC.xib in Resources */ = {isa = PBXBuildFile; fileRef = 77F549DD268EE92C0013A76C /* SearchVC.xib */; };
		77F549EC268F58970013A76C /* PresentMoaCVC.swift in Sources */ = {isa = PBXBuildFile; fileRef = 77F549EA268F58970013A76C /* PresentMoaCVC.swift */; };
		77F549ED268F58970013A76C /* PresentMoaCVC.xib in Resources */ = {isa = PBXBuildFile; fileRef = 77F549EB268F58970013A76C /* PresentMoaCVC.xib */; };
		B311813C2AEE57B8F22BC9DE /* Pods_Keepin_iOS.framework in Frameworks */ = {isa = PBXBuildFile; fileRef = 274CF503951F717D4B7E43DE /* Pods_Keepin_iOS.framework */; };
/* End PBXBuildFile section */

/* Begin PBXFileReference section */
		01D2ADA99388E4A9A27B4E30 /* Pods-Keepin_iOS.debug.xcconfig */ = {isa = PBXFileReference; includeInIndex = 1; lastKnownFileType = text.xcconfig; name = "Pods-Keepin_iOS.debug.xcconfig"; path = "Target Support Files/Pods-Keepin_iOS/Pods-Keepin_iOS.debug.xcconfig"; sourceTree = "<group>"; };
		15243992269C1012009E5E8E /* KeepinPlusBlankTVC.swift */ = {isa = PBXFileReference; lastKnownFileType = sourcecode.swift; path = KeepinPlusBlankTVC.swift; sourceTree = "<group>"; };
		15243993269C1012009E5E8E /* KeepinPlusBlankTVC.xib */ = {isa = PBXFileReference; lastKnownFileType = file.xib; path = KeepinPlusBlankTVC.xib; sourceTree = "<group>"; };
		152439D2269C49F8009E5E8E /* HomeResponse.swift */ = {isa = PBXFileReference; lastKnownFileType = sourcecode.swift; path = HomeResponse.swift; sourceTree = "<group>"; };
		152439D4269C4A05009E5E8E /* HomeDataManager.swift */ = {isa = PBXFileReference; lastKnownFileType = sourcecode.swift; path = HomeDataManager.swift; sourceTree = "<group>"; };
		152439E5269D4A89009E5E8E /* EmailLoginRequest.swift */ = {isa = PBXFileReference; lastKnownFileType = sourcecode.swift; path = EmailLoginRequest.swift; sourceTree = "<group>"; };
		152439E7269D4A91009E5E8E /* EmailLoginResponse.swift */ = {isa = PBXFileReference; lastKnownFileType = sourcecode.swift; path = EmailLoginResponse.swift; sourceTree = "<group>"; };
		152439E9269D4AAA009E5E8E /* EmailLoginDataManager.swift */ = {isa = PBXFileReference; lastKnownFileType = sourcecode.swift; path = EmailLoginDataManager.swift; sourceTree = "<group>"; };
		1529FF7C26979F57000AD789 /* KeepinPlusTitleTVC.swift */ = {isa = PBXFileReference; lastKnownFileType = sourcecode.swift; path = KeepinPlusTitleTVC.swift; sourceTree = "<group>"; };
		1529FF7D26979F57000AD789 /* KeepinPlusTitleTVC.xib */ = {isa = PBXFileReference; lastKnownFileType = file.xib; path = KeepinPlusTitleTVC.xib; sourceTree = "<group>"; };
		1529FF8426998496000AD789 /* KeepinPlusInputTVC.swift */ = {isa = PBXFileReference; lastKnownFileType = sourcecode.swift; path = KeepinPlusInputTVC.swift; sourceTree = "<group>"; };
		1529FF8526998496000AD789 /* KeepinPlusInputTVC.xib */ = {isa = PBXFileReference; lastKnownFileType = file.xib; path = KeepinPlusInputTVC.xib; sourceTree = "<group>"; };
		1529FF8C269984D2000AD789 /* KeepinPlusSearchTVC.swift */ = {isa = PBXFileReference; lastKnownFileType = sourcecode.swift; path = KeepinPlusSearchTVC.swift; sourceTree = "<group>"; };
		1529FF8D269984D2000AD789 /* KeepinPlusSearchTVC.xib */ = {isa = PBXFileReference; lastKnownFileType = file.xib; path = KeepinPlusSearchTVC.xib; sourceTree = "<group>"; };
		1529FF9026998585000AD789 /* KeepinPlusImageTVC.swift */ = {isa = PBXFileReference; lastKnownFileType = sourcecode.swift; path = KeepinPlusImageTVC.swift; sourceTree = "<group>"; };
		1529FF9126998585000AD789 /* KeepinPlusImageTVC.xib */ = {isa = PBXFileReference; lastKnownFileType = file.xib; path = KeepinPlusImageTVC.xib; sourceTree = "<group>"; };
		1529FF94269985A8000AD789 /* KeepinPlusCategoryTVC.swift */ = {isa = PBXFileReference; lastKnownFileType = sourcecode.swift; path = KeepinPlusCategoryTVC.swift; sourceTree = "<group>"; };
		1529FF95269985A8000AD789 /* KeepinPlusCategoryTVC.xib */ = {isa = PBXFileReference; lastKnownFileType = file.xib; path = KeepinPlusCategoryTVC.xib; sourceTree = "<group>"; };
		1529FF98269985B8000AD789 /* KeppinPlusSelectTVC.swift */ = {isa = PBXFileReference; lastKnownFileType = sourcecode.swift; path = KeppinPlusSelectTVC.swift; sourceTree = "<group>"; };
		1529FF99269985B8000AD789 /* KeppinPlusSelectTVC.xib */ = {isa = PBXFileReference; lastKnownFileType = file.xib; path = KeppinPlusSelectTVC.xib; sourceTree = "<group>"; };
		1529FF9C269985CB000AD789 /* KeepinPlusWriteTVC.swift */ = {isa = PBXFileReference; lastKnownFileType = sourcecode.swift; path = KeepinPlusWriteTVC.swift; sourceTree = "<group>"; };
		1529FF9D269985CB000AD789 /* KeepinPlusWriteTVC.xib */ = {isa = PBXFileReference; lastKnownFileType = file.xib; path = KeepinPlusWriteTVC.xib; sourceTree = "<group>"; };
		153462CF2694468B00060E44 /* JoinFirstVC.swift */ = {isa = PBXFileReference; lastKnownFileType = sourcecode.swift; path = JoinFirstVC.swift; sourceTree = "<group>"; };
		153462D02694468B00060E44 /* JoinFirstVC.xib */ = {isa = PBXFileReference; lastKnownFileType = file.xib; path = JoinFirstVC.xib; sourceTree = "<group>"; };
		153462D32694469900060E44 /* JoinSecondVC.swift */ = {isa = PBXFileReference; lastKnownFileType = sourcecode.swift; path = JoinSecondVC.swift; sourceTree = "<group>"; };
		153462D42694469900060E44 /* JoinSecondVC.xib */ = {isa = PBXFileReference; lastKnownFileType = file.xib; path = JoinSecondVC.xib; sourceTree = "<group>"; };
		156E2946269E7CF7000CBEEA /* UIImageView.swift */ = {isa = PBXFileReference; lastKnownFileType = sourcecode.swift; path = UIImageView.swift; sourceTree = "<group>"; };
		15B71A50269D7CC500ED68E0 /* JoinRequest.swift */ = {isa = PBXFileReference; lastKnownFileType = sourcecode.swift; path = JoinRequest.swift; sourceTree = "<group>"; };
		15B71A52269D7CCE00ED68E0 /* JoinResponse.swift */ = {isa = PBXFileReference; lastKnownFileType = sourcecode.swift; path = JoinResponse.swift; sourceTree = "<group>"; };
		15B71A54269D7CD600ED68E0 /* JoinDataManager.swift */ = {isa = PBXFileReference; lastKnownFileType = sourcecode.swift; path = JoinDataManager.swift; sourceTree = "<group>"; };
		15C12219268E2FBF00838E55 /* NotoSansCJKkr-Bold.otf */ = {isa = PBXFileReference; lastKnownFileType = file; path = "NotoSansCJKkr-Bold.otf"; sourceTree = "<group>"; };
		15C1221A268E2FBF00838E55 /* NotoSansCJKkr-Medium.otf */ = {isa = PBXFileReference; lastKnownFileType = file; path = "NotoSansCJKkr-Medium.otf"; sourceTree = "<group>"; };
		15C1221B268E2FBF00838E55 /* NotoSansCJKkr-Regular.otf */ = {isa = PBXFileReference; lastKnownFileType = file; path = "NotoSansCJKkr-Regular.otf"; sourceTree = "<group>"; };
		15C1221C268E2FBF00838E55 /* GmarketSansTTFMedium.ttf */ = {isa = PBXFileReference; lastKnownFileType = file; path = GmarketSansTTFMedium.ttf; sourceTree = "<group>"; };
		15C1221D268E2FBF00838E55 /* GmarketSansTTFBold.ttf */ = {isa = PBXFileReference; lastKnownFileType = file; path = GmarketSansTTFBold.ttf; sourceTree = "<group>"; };
		15C1221E268E2FBF00838E55 /* GmarketSansTTFLight.ttf */ = {isa = PBXFileReference; lastKnownFileType = file; path = GmarketSansTTFLight.ttf; sourceTree = "<group>"; };
		15C12226268ED4D900838E55 /* HomeEventTVC.swift */ = {isa = PBXFileReference; lastKnownFileType = sourcecode.swift; path = HomeEventTVC.swift; sourceTree = "<group>"; };
		15C12227268ED4D900838E55 /* HomeEventTVC.xib */ = {isa = PBXFileReference; lastKnownFileType = file.xib; path = HomeEventTVC.xib; sourceTree = "<group>"; };
		15C1222A268F063C00838E55 /* HomeTopTVC.swift */ = {isa = PBXFileReference; lastKnownFileType = sourcecode.swift; path = HomeTopTVC.swift; sourceTree = "<group>"; };
		15C1222B268F063C00838E55 /* HomeTopTVC.xib */ = {isa = PBXFileReference; lastKnownFileType = file.xib; path = HomeTopTVC.xib; sourceTree = "<group>"; };
		15C122332692DA7300838E55 /* LoginFirstVC.swift */ = {isa = PBXFileReference; lastKnownFileType = sourcecode.swift; path = LoginFirstVC.swift; sourceTree = "<group>"; };
		15C122342692DA7300838E55 /* LoginFirstVC.xib */ = {isa = PBXFileReference; lastKnownFileType = file.xib; path = LoginFirstVC.xib; sourceTree = "<group>"; };
		15C122382693077E00838E55 /* EmailLoginVC.swift */ = {isa = PBXFileReference; lastKnownFileType = sourcecode.swift; path = EmailLoginVC.swift; sourceTree = "<group>"; };
		15C122392693077E00838E55 /* EmailLoginVC.xib */ = {isa = PBXFileReference; lastKnownFileType = file.xib; path = EmailLoginVC.xib; sourceTree = "<group>"; };
		274CF503951F717D4B7E43DE /* Pods_Keepin_iOS.framework */ = {isa = PBXFileReference; explicitFileType = wrapper.framework; includeInIndex = 0; path = Pods_Keepin_iOS.framework; sourceTree = BUILT_PRODUCTS_DIR; };
		71210D4F269C931C00568982 /* MyPageHomeDataManager.swift */ = {isa = PBXFileReference; lastKnownFileType = sourcecode.swift; path = MyPageHomeDataManager.swift; sourceTree = "<group>"; };
		71210D51269C934C00568982 /* MyPageHomeResponse.swift */ = {isa = PBXFileReference; lastKnownFileType = sourcecode.swift; path = MyPageHomeResponse.swift; sourceTree = "<group>"; };
		713D383B269D64C500BABA1E /* MyPageFriendResponse.swift */ = {isa = PBXFileReference; lastKnownFileType = sourcecode.swift; path = MyPageFriendResponse.swift; sourceTree = "<group>"; };
		717A024D269ACF9E00241171 /* MyPageEditNameVC.swift */ = {isa = PBXFileReference; lastKnownFileType = sourcecode.swift; path = MyPageEditNameVC.swift; sourceTree = "<group>"; };
		717A024E269ACF9E00241171 /* MyPageEditNameVC.xib */ = {isa = PBXFileReference; lastKnownFileType = file.xib; path = MyPageEditNameVC.xib; sourceTree = "<group>"; };
		717A0251269ACFC800241171 /* MyPageEditPwVC.swift */ = {isa = PBXFileReference; lastKnownFileType = sourcecode.swift; path = MyPageEditPwVC.swift; sourceTree = "<group>"; };
		717A0252269ACFC800241171 /* MyPageEditPwVC.xib */ = {isa = PBXFileReference; lastKnownFileType = file.xib; path = MyPageEditPwVC.xib; sourceTree = "<group>"; };
		717A0256269ACFF800241171 /* MyPageEditPhoneVC.swift */ = {isa = PBXFileReference; lastKnownFileType = sourcecode.swift; path = MyPageEditPhoneVC.swift; sourceTree = "<group>"; };
		717A0257269ACFF800241171 /* MyPageEditPhoneVC.xib */ = {isa = PBXFileReference; lastKnownFileType = file.xib; path = MyPageEditPhoneVC.xib; sourceTree = "<group>"; };
		71AC81852692D77B00758994 /* MyPageDetailTopCVC.swift */ = {isa = PBXFileReference; lastKnownFileType = sourcecode.swift; path = MyPageDetailTopCVC.swift; sourceTree = "<group>"; };
		71AC81862692D77B00758994 /* MyPageDetailTopCVC.xib */ = {isa = PBXFileReference; lastKnownFileType = file.xib; path = MyPageDetailTopCVC.xib; sourceTree = "<group>"; };
		71AC818D2692F00D00758994 /* MyPageDetailPresentCVC.swift */ = {isa = PBXFileReference; lastKnownFileType = sourcecode.swift; path = MyPageDetailPresentCVC.swift; sourceTree = "<group>"; };
		71AC818E2692F00D00758994 /* MyPageDetailPresentCVC.xib */ = {isa = PBXFileReference; lastKnownFileType = file.xib; path = MyPageDetailPresentCVC.xib; sourceTree = "<group>"; };
		71AC81912692F1A700758994 /* MyPageDetailMemoCVC.swift */ = {isa = PBXFileReference; lastKnownFileType = sourcecode.swift; path = MyPageDetailMemoCVC.swift; sourceTree = "<group>"; };
		71AC81922692F1A700758994 /* MyPageDetailMemoCVC.xib */ = {isa = PBXFileReference; lastKnownFileType = file.xib; path = MyPageDetailMemoCVC.xib; sourceTree = "<group>"; };
		71C197AB26975103004C0490 /* MyPageProfileVC.swift */ = {isa = PBXFileReference; lastKnownFileType = sourcecode.swift; path = MyPageProfileVC.swift; sourceTree = "<group>"; };
		71C197AC26975103004C0490 /* MyPageProfileVC.xib */ = {isa = PBXFileReference; lastKnownFileType = file.xib; path = MyPageProfileVC.xib; sourceTree = "<group>"; };
		71C197B826977BBC004C0490 /* MyPageFriendFixVC.swift */ = {isa = PBXFileReference; lastKnownFileType = sourcecode.swift; path = MyPageFriendFixVC.swift; sourceTree = "<group>"; };
		71C197B926977BBC004C0490 /* MyPageFriendFixVC.xib */ = {isa = PBXFileReference; lastKnownFileType = file.xib; path = MyPageFriendFixVC.xib; sourceTree = "<group>"; };
		71D5D477269E86DD004D9CC7 /* MyPageDetailResponse.swift */ = {isa = PBXFileReference; lastKnownFileType = sourcecode.swift; path = MyPageDetailResponse.swift; sourceTree = "<group>"; };
		71D5D479269E8704004D9CC7 /* MyPageDetailDataManager.swift */ = {isa = PBXFileReference; lastKnownFileType = sourcecode.swift; path = MyPageDetailDataManager.swift; sourceTree = "<group>"; };
		71D5D47B269EB7C6004D9CC7 /* NavigationBarCVC.swift */ = {isa = PBXFileReference; lastKnownFileType = sourcecode.swift; path = NavigationBarCVC.swift; sourceTree = "<group>"; };
		71D5D47C269EB7C6004D9CC7 /* NavigationBarCVC.xib */ = {isa = PBXFileReference; lastKnownFileType = file.xib; path = NavigationBarCVC.xib; sourceTree = "<group>"; };
		71DA81DE2694424D0062A3FA /* MyPageDetailPresentMoaCVC.swift */ = {isa = PBXFileReference; lastKnownFileType = sourcecode.swift; path = MyPageDetailPresentMoaCVC.swift; sourceTree = "<group>"; };
		71DA81DF2694424D0062A3FA /* MyPageDetailPresentMoaCVC.xib */ = {isa = PBXFileReference; lastKnownFileType = file.xib; path = MyPageDetailPresentMoaCVC.xib; sourceTree = "<group>"; };
		71E1322E269876FC00DB2D9F /* MyPageHomeVC.swift */ = {isa = PBXFileReference; lastKnownFileType = sourcecode.swift; path = MyPageHomeVC.swift; sourceTree = "<group>"; };
		71E1322F269876FC00DB2D9F /* MyPageHomeVC.xib */ = {isa = PBXFileReference; lastKnownFileType = file.xib; path = MyPageHomeVC.xib; sourceTree = "<group>"; };
		71E1323F26987EFD00DB2D9F /* MyPageHomeTopCVC.swift */ = {isa = PBXFileReference; lastKnownFileType = sourcecode.swift; path = MyPageHomeTopCVC.swift; sourceTree = "<group>"; };
		71E1324026987EFD00DB2D9F /* MyPageHomeTopCVC.xib */ = {isa = PBXFileReference; lastKnownFileType = file.xib; path = MyPageHomeTopCVC.xib; sourceTree = "<group>"; };
		71E1324326987F3200DB2D9F /* MyPageHomeHeaderCVC.swift */ = {isa = PBXFileReference; lastKnownFileType = sourcecode.swift; path = MyPageHomeHeaderCVC.swift; sourceTree = "<group>"; };
		71E1324426987F3200DB2D9F /* MyPageHomeHeaderCVC.xib */ = {isa = PBXFileReference; lastKnownFileType = file.xib; path = MyPageHomeHeaderCVC.xib; sourceTree = "<group>"; };
		71E1324726987F5200DB2D9F /* MyPageHomeFriendCVC.swift */ = {isa = PBXFileReference; lastKnownFileType = sourcecode.swift; path = MyPageHomeFriendCVC.swift; sourceTree = "<group>"; };
		71E1324826987F5200DB2D9F /* MyPageHomeFriendCVC.xib */ = {isa = PBXFileReference; lastKnownFileType = file.xib; path = MyPageHomeFriendCVC.xib; sourceTree = "<group>"; };
		71E1324B2698A8BF00DB2D9F /* FriendListCVC.swift */ = {isa = PBXFileReference; lastKnownFileType = sourcecode.swift; path = FriendListCVC.swift; sourceTree = "<group>"; };
		71E1324C2698A8BF00DB2D9F /* FriendListCVC.xib */ = {isa = PBXFileReference; lastKnownFileType = file.xib; path = FriendListCVC.xib; sourceTree = "<group>"; };
		71E1FBDF269BF530006A42C3 /* CustomCollectionViewFlowLayout.swift */ = {isa = PBXFileReference; lastKnownFileType = sourcecode.swift; path = CustomCollectionViewFlowLayout.swift; sourceTree = "<group>"; };
		71E265C32699D80900BD6840 /* KeepinPlusFriendVC.swift */ = {isa = PBXFileReference; lastKnownFileType = sourcecode.swift; path = KeepinPlusFriendVC.swift; sourceTree = "<group>"; };
		71E265C42699D80900BD6840 /* KeepinPlusFriendVC.xib */ = {isa = PBXFileReference; lastKnownFileType = file.xib; path = KeepinPlusFriendVC.xib; sourceTree = "<group>"; };
		71F8F8BF268DFDE30031BC50 /* UIFont.swift */ = {isa = PBXFileReference; lastKnownFileType = sourcecode.swift; path = UIFont.swift; sourceTree = "<group>"; };
		7719B57A269724A800CBBB11 /* AfterCatVC.swift */ = {isa = PBXFileReference; lastKnownFileType = sourcecode.swift; path = AfterCatVC.swift; sourceTree = "<group>"; };
		7719B57B269724A800CBBB11 /* AfterCatVC.xib */ = {isa = PBXFileReference; lastKnownFileType = file.xib; path = AfterCatVC.xib; sourceTree = "<group>"; };
		7719B58026979D0800CBBB11 /* ReminderAddVC.swift */ = {isa = PBXFileReference; lastKnownFileType = sourcecode.swift; path = ReminderAddVC.swift; sourceTree = "<group>"; };
		7719B58126979D0800CBBB11 /* ReminderAddVC.xib */ = {isa = PBXFileReference; lastKnownFileType = file.xib; path = ReminderAddVC.xib; sourceTree = "<group>"; };
		7719B5862699CCA200CBBB11 /* Date.swift */ = {isa = PBXFileReference; lastKnownFileType = sourcecode.swift; path = Date.swift; sourceTree = "<group>"; };
		7719B58D269A1DBD00CBBB11 /* ReminderCVC.swift */ = {isa = PBXFileReference; lastKnownFileType = sourcecode.swift; path = ReminderCVC.swift; sourceTree = "<group>"; };
		7719B58E269A1DBD00CBBB11 /* ReminderCVC.xib */ = {isa = PBXFileReference; lastKnownFileType = file.xib; path = ReminderCVC.xib; sourceTree = "<group>"; };
		7719B591269AC9BB00CBBB11 /* ReminderTVC.swift */ = {isa = PBXFileReference; lastKnownFileType = sourcecode.swift; path = ReminderTVC.swift; sourceTree = "<group>"; };
		7719B592269AC9BB00CBBB11 /* ReminderTVC.xib */ = {isa = PBXFileReference; lastKnownFileType = file.xib; path = ReminderTVC.xib; sourceTree = "<group>"; };
		7719B595269ADE2900CBBB11 /* UISwitch.swift */ = {isa = PBXFileReference; lastKnownFileType = sourcecode.swift; path = UISwitch.swift; sourceTree = "<group>"; };
		7719B5B0269C049300CBBB11 /* Token.swift */ = {isa = PBXFileReference; lastKnownFileType = sourcecode.swift; path = Token.swift; sourceTree = "<group>"; };
		7719B5C5269C2E0300CBBB11 /* PresentMoaHomeRequest.swift */ = {isa = PBXFileReference; lastKnownFileType = sourcecode.swift; path = PresentMoaHomeRequest.swift; sourceTree = "<group>"; };
		7719B5C7269C2E1B00CBBB11 /* PresentMoaHomeDataManager.swift */ = {isa = PBXFileReference; lastKnownFileType = sourcecode.swift; path = PresentMoaHomeDataManager.swift; sourceTree = "<group>"; };
		7719B5C9269C2E2700CBBB11 /* PresentMoaHomeResponse.swift */ = {isa = PBXFileReference; lastKnownFileType = sourcecode.swift; path = PresentMoaHomeResponse.swift; sourceTree = "<group>"; };
		7719B5CD269C459700CBBB11 /* SearchDataManager.swift */ = {isa = PBXFileReference; lastKnownFileType = sourcecode.swift; path = SearchDataManager.swift; sourceTree = "<group>"; };
		7719B5CF269C45A900CBBB11 /* SearchResponse.swift */ = {isa = PBXFileReference; lastKnownFileType = sourcecode.swift; path = SearchResponse.swift; sourceTree = "<group>"; };
		7719B5D1269C45B800CBBB11 /* SearchRequest.swift */ = {isa = PBXFileReference; lastKnownFileType = sourcecode.swift; path = SearchRequest.swift; sourceTree = "<group>"; };
		7719B5D7269D71D800CBBB11 /* PresentDetailResponse.swift */ = {isa = PBXFileReference; lastKnownFileType = sourcecode.swift; path = PresentDetailResponse.swift; sourceTree = "<group>"; };
		7719B5D9269D71E400CBBB11 /* PresentDetailRequest.swift */ = {isa = PBXFileReference; lastKnownFileType = sourcecode.swift; path = PresentDetailRequest.swift; sourceTree = "<group>"; };
		7719B5DB269D71F300CBBB11 /* PresentDetailDataManager.swift */ = {isa = PBXFileReference; lastKnownFileType = sourcecode.swift; path = PresentDetailDataManager.swift; sourceTree = "<group>"; };
		773D414C26942E8000A4E366 /* PresentDetailCVC.swift */ = {isa = PBXFileReference; lastKnownFileType = sourcecode.swift; name = PresentDetailCVC.swift; path = Keepin_iOS/Sources/PresentMoa/PresentMoaHome/Cell/PresentDetailCVC.swift; sourceTree = SOURCE_ROOT; };
		773D414D26942E8000A4E366 /* PresentDetailCVC.xib */ = {isa = PBXFileReference; lastKnownFileType = file.xib; name = PresentDetailCVC.xib; path = Keepin_iOS/Sources/PresentMoa/PresentMoaHome/Cell/PresentDetailCVC.xib; sourceTree = SOURCE_ROOT; };
		77F047DF268AF98F00FBFDD7 /* Keepin_iOS.app */ = {isa = PBXFileReference; explicitFileType = wrapper.application; includeInIndex = 0; path = Keepin_iOS.app; sourceTree = BUILT_PRODUCTS_DIR; };
		77F047E2268AF98F00FBFDD7 /* AppDelegate.swift */ = {isa = PBXFileReference; lastKnownFileType = sourcecode.swift; path = AppDelegate.swift; sourceTree = "<group>"; };
		77F047E4268AF98F00FBFDD7 /* SceneDelegate.swift */ = {isa = PBXFileReference; lastKnownFileType = sourcecode.swift; path = SceneDelegate.swift; sourceTree = "<group>"; };
		77F047EB268AF99900FBFDD7 /* Assets.xcassets */ = {isa = PBXFileReference; lastKnownFileType = folder.assetcatalog; path = Assets.xcassets; sourceTree = "<group>"; };
		77F047EE268AF99900FBFDD7 /* Base */ = {isa = PBXFileReference; lastKnownFileType = file.storyboard; name = Base; path = Base.lproj/LaunchScreen.storyboard; sourceTree = "<group>"; };
		77F047F0268AF99900FBFDD7 /* Info.plist */ = {isa = PBXFileReference; lastKnownFileType = text.plist.xml; path = Info.plist; sourceTree = "<group>"; };
		77F04805268B0CB000FBFDD7 /* Constants.swift */ = {isa = PBXFileReference; lastKnownFileType = sourcecode.swift; path = Constants.swift; sourceTree = "<group>"; };
		77F04810268C44BA00FBFDD7 /* UIColor.swift */ = {isa = PBXFileReference; lastKnownFileType = sourcecode.swift; path = UIColor.swift; sourceTree = "<group>"; };
		77F04813268C454600FBFDD7 /* UIButton.swift */ = {isa = PBXFileReference; lastKnownFileType = sourcecode.swift; path = UIButton.swift; sourceTree = "<group>"; };
		77F04816268C45BB00FBFDD7 /* UIViewController.swift */ = {isa = PBXFileReference; lastKnownFileType = sourcecode.swift; path = UIViewController.swift; sourceTree = "<group>"; };
		77F0481D268C49AE00FBFDD7 /* SplashVC.swift */ = {isa = PBXFileReference; lastKnownFileType = sourcecode.swift; path = SplashVC.swift; sourceTree = "<group>"; };
		77F0481E268C49AE00FBFDD7 /* SplashVC.xib */ = {isa = PBXFileReference; lastKnownFileType = file.xib; path = SplashVC.xib; sourceTree = "<group>"; };
		77F04823268C49BF00FBFDD7 /* HomeVC.swift */ = {isa = PBXFileReference; lastKnownFileType = sourcecode.swift; path = HomeVC.swift; sourceTree = "<group>"; };
		77F04824268C49BF00FBFDD7 /* HomeVC.xib */ = {isa = PBXFileReference; lastKnownFileType = file.xib; path = HomeVC.xib; sourceTree = "<group>"; };
		77F04828268C49D100FBFDD7 /* PresentMoaVC.swift */ = {isa = PBXFileReference; lastKnownFileType = sourcecode.swift; path = PresentMoaVC.swift; sourceTree = "<group>"; };
		77F04829268C49D100FBFDD7 /* PresentMoaVC.xib */ = {isa = PBXFileReference; lastKnownFileType = file.xib; path = PresentMoaVC.xib; sourceTree = "<group>"; };
		77F0482F268C4C3A00FBFDD7 /* PresentDetailVC.swift */ = {isa = PBXFileReference; lastKnownFileType = sourcecode.swift; path = PresentDetailVC.swift; sourceTree = "<group>"; };
		77F04830268C4C3A00FBFDD7 /* PresentDetailVC.xib */ = {isa = PBXFileReference; lastKnownFileType = file.xib; path = PresentDetailVC.xib; sourceTree = "<group>"; };
		77F0483D268C4D2400FBFDD7 /* MyPageDetailVC.swift */ = {isa = PBXFileReference; lastKnownFileType = sourcecode.swift; path = MyPageDetailVC.swift; sourceTree = "<group>"; };
		77F0483E268C4D2400FBFDD7 /* MyPageDetailVC.xib */ = {isa = PBXFileReference; lastKnownFileType = file.xib; path = MyPageDetailVC.xib; sourceTree = "<group>"; };
		77F04844268C4DA000FBFDD7 /* KeepinPlusVC.swift */ = {isa = PBXFileReference; lastKnownFileType = sourcecode.swift; path = KeepinPlusVC.swift; sourceTree = "<group>"; };
		77F04845268C4DA000FBFDD7 /* KeepinPlusVC.xib */ = {isa = PBXFileReference; lastKnownFileType = file.xib; path = KeepinPlusVC.xib; sourceTree = "<group>"; };
		77F0484A268C4DB400FBFDD7 /* SelectFriendVC.swift */ = {isa = PBXFileReference; lastKnownFileType = sourcecode.swift; path = SelectFriendVC.swift; sourceTree = "<group>"; };
		77F0484B268C4DB400FBFDD7 /* SelectFriendVC.xib */ = {isa = PBXFileReference; lastKnownFileType = file.xib; path = SelectFriendVC.xib; sourceTree = "<group>"; };
		77F04850268C4E2500FBFDD7 /* BaseTBC.swift */ = {isa = PBXFileReference; lastKnownFileType = sourcecode.swift; path = BaseTBC.swift; sourceTree = "<group>"; };
		77F549D2268ECF6C0013A76C /* ReminderVC.swift */ = {isa = PBXFileReference; lastKnownFileType = sourcecode.swift; path = ReminderVC.swift; sourceTree = "<group>"; };
		77F549D3268ECF6C0013A76C /* ReminderVC.xib */ = {isa = PBXFileReference; lastKnownFileType = file.xib; path = ReminderVC.xib; sourceTree = "<group>"; };
		77F549DC268EE92C0013A76C /* SearchVC.swift */ = {isa = PBXFileReference; lastKnownFileType = sourcecode.swift; path = SearchVC.swift; sourceTree = "<group>"; };
		77F549DD268EE92C0013A76C /* SearchVC.xib */ = {isa = PBXFileReference; lastKnownFileType = file.xib; path = SearchVC.xib; sourceTree = "<group>"; };
		77F549EA268F58970013A76C /* PresentMoaCVC.swift */ = {isa = PBXFileReference; lastKnownFileType = sourcecode.swift; path = PresentMoaCVC.swift; sourceTree = "<group>"; };
		77F549EB268F58970013A76C /* PresentMoaCVC.xib */ = {isa = PBXFileReference; lastKnownFileType = file.xib; path = PresentMoaCVC.xib; sourceTree = "<group>"; };
		8BA10D144125EA8248AB93D9 /* Pods-Keepin_iOS.release.xcconfig */ = {isa = PBXFileReference; includeInIndex = 1; lastKnownFileType = text.xcconfig; name = "Pods-Keepin_iOS.release.xcconfig"; path = "Target Support Files/Pods-Keepin_iOS/Pods-Keepin_iOS.release.xcconfig"; sourceTree = "<group>"; };
/* End PBXFileReference section */

/* Begin PBXFrameworksBuildPhase section */
		77F047DC268AF98F00FBFDD7 /* Frameworks */ = {
			isa = PBXFrameworksBuildPhase;
			buildActionMask = 2147483647;
			files = (
				B311813C2AEE57B8F22BC9DE /* Pods_Keepin_iOS.framework in Frameworks */,
			);
			runOnlyForDeploymentPostprocessing = 0;
		};
/* End PBXFrameworksBuildPhase section */

/* Begin PBXGroup section */
		152439D0269C49CE009E5E8E /* DataManager */ = {
			isa = PBXGroup;
			children = (
				152439D4269C4A05009E5E8E /* HomeDataManager.swift */,
			);
			path = DataManager;
			sourceTree = "<group>";
		};
		152439D1269C49DA009E5E8E /* DataModel */ = {
			isa = PBXGroup;
			children = (
				152439D2269C49F8009E5E8E /* HomeResponse.swift */,
			);
			path = DataModel;
			sourceTree = "<group>";
		};
		152439E3269D4A64009E5E8E /* DataManager */ = {
			isa = PBXGroup;
			children = (
				152439E9269D4AAA009E5E8E /* EmailLoginDataManager.swift */,
			);
			path = DataManager;
			sourceTree = "<group>";
		};
		152439E4269D4A75009E5E8E /* DataModel */ = {
			isa = PBXGroup;
			children = (
				152439E5269D4A89009E5E8E /* EmailLoginRequest.swift */,
				152439E7269D4A91009E5E8E /* EmailLoginResponse.swift */,
			);
			path = DataModel;
			sourceTree = "<group>";
		};
		1529FF7B26979F2A000AD789 /* Cell */ = {
			isa = PBXGroup;
			children = (
				1529FF7C26979F57000AD789 /* KeepinPlusTitleTVC.swift */,
				1529FF7D26979F57000AD789 /* KeepinPlusTitleTVC.xib */,
				1529FF8426998496000AD789 /* KeepinPlusInputTVC.swift */,
				1529FF8526998496000AD789 /* KeepinPlusInputTVC.xib */,
				1529FF8C269984D2000AD789 /* KeepinPlusSearchTVC.swift */,
				1529FF8D269984D2000AD789 /* KeepinPlusSearchTVC.xib */,
				1529FF9026998585000AD789 /* KeepinPlusImageTVC.swift */,
				1529FF9126998585000AD789 /* KeepinPlusImageTVC.xib */,
				1529FF94269985A8000AD789 /* KeepinPlusCategoryTVC.swift */,
				1529FF95269985A8000AD789 /* KeepinPlusCategoryTVC.xib */,
				1529FF98269985B8000AD789 /* KeppinPlusSelectTVC.swift */,
				1529FF99269985B8000AD789 /* KeppinPlusSelectTVC.xib */,
				1529FF9C269985CB000AD789 /* KeepinPlusWriteTVC.swift */,
				1529FF9D269985CB000AD789 /* KeepinPlusWriteTVC.xib */,
				15243992269C1012009E5E8E /* KeepinPlusBlankTVC.swift */,
				15243993269C1012009E5E8E /* KeepinPlusBlankTVC.xib */,
			);
			path = Cell;
			sourceTree = "<group>";
		};
		153462CE2694466500060E44 /* Join */ = {
			isa = PBXGroup;
			children = (
				15B71A4E269D7CA700ED68E0 /* DataModel */,
				15B71A4F269D7CAF00ED68E0 /* DataManager */,
				153462CF2694468B00060E44 /* JoinFirstVC.swift */,
				153462D02694468B00060E44 /* JoinFirstVC.xib */,
				153462D32694469900060E44 /* JoinSecondVC.swift */,
				153462D42694469900060E44 /* JoinSecondVC.xib */,
			);
			path = Join;
			sourceTree = "<group>";
		};
		15B71A4E269D7CA700ED68E0 /* DataModel */ = {
			isa = PBXGroup;
			children = (
				15B71A50269D7CC500ED68E0 /* JoinRequest.swift */,
				15B71A52269D7CCE00ED68E0 /* JoinResponse.swift */,
			);
			path = DataModel;
			sourceTree = "<group>";
		};
		15B71A4F269D7CAF00ED68E0 /* DataManager */ = {
			isa = PBXGroup;
			children = (
				15B71A54269D7CD600ED68E0 /* JoinDataManager.swift */,
			);
			path = DataManager;
			sourceTree = "<group>";
		};
		15C121FA268E281800838E55 /* Font */ = {
			isa = PBXGroup;
			children = (
				15C1221D268E2FBF00838E55 /* GmarketSansTTFBold.ttf */,
				15C1221E268E2FBF00838E55 /* GmarketSansTTFLight.ttf */,
				15C1221C268E2FBF00838E55 /* GmarketSansTTFMedium.ttf */,
				15C12219268E2FBF00838E55 /* NotoSansCJKkr-Bold.otf */,
				15C1221A268E2FBF00838E55 /* NotoSansCJKkr-Medium.otf */,
				15C1221B268E2FBF00838E55 /* NotoSansCJKkr-Regular.otf */,
			);
			path = Font;
			sourceTree = "<group>";
		};
		15C12225268ED48800838E55 /* Cell */ = {
			isa = PBXGroup;
			children = (
				15C1222A268F063C00838E55 /* HomeTopTVC.swift */,
				15C1222B268F063C00838E55 /* HomeTopTVC.xib */,
				15C12226268ED4D900838E55 /* HomeEventTVC.swift */,
				15C12227268ED4D900838E55 /* HomeEventTVC.xib */,
			);
			path = Cell;
			sourceTree = "<group>";
		};
		15C122322692DA2D00838E55 /* Login */ = {
			isa = PBXGroup;
			children = (
				15C122332692DA7300838E55 /* LoginFirstVC.swift */,
				15C122342692DA7300838E55 /* LoginFirstVC.xib */,
			);
			path = Login;
			sourceTree = "<group>";
		};
		15C122372693075400838E55 /* EmailLogin */ = {
			isa = PBXGroup;
			children = (
				152439E4269D4A75009E5E8E /* DataModel */,
				152439E3269D4A64009E5E8E /* DataManager */,
				15C122382693077E00838E55 /* EmailLoginVC.swift */,
				15C122392693077E00838E55 /* EmailLoginVC.xib */,
			);
			path = EmailLogin;
			sourceTree = "<group>";
		};
		71210D4D269C92DD00568982 /* DataModel */ = {
			isa = PBXGroup;
			children = (
				71210D51269C934C00568982 /* MyPageHomeResponse.swift */,
				713D383B269D64C500BABA1E /* MyPageFriendResponse.swift */,
			);
			path = DataModel;
			sourceTree = "<group>";
		};
		71210D4E269C92E300568982 /* DataManager */ = {
			isa = PBXGroup;
			children = (
				71210D4F269C931C00568982 /* MyPageHomeDataManager.swift */,
			);
			path = DataManager;
			sourceTree = "<group>";
		};
		717A024C269ACF2300241171 /* EditProfile */ = {
			isa = PBXGroup;
			children = (
				717A024D269ACF9E00241171 /* MyPageEditNameVC.swift */,
				717A024E269ACF9E00241171 /* MyPageEditNameVC.xib */,
				717A0251269ACFC800241171 /* MyPageEditPwVC.swift */,
				717A0252269ACFC800241171 /* MyPageEditPwVC.xib */,
				717A0256269ACFF800241171 /* MyPageEditPhoneVC.swift */,
				717A0257269ACFF800241171 /* MyPageEditPhoneVC.xib */,
			);
			path = EditProfile;
			sourceTree = "<group>";
		};
		71AC81842692CFFE00758994 /* Cell */ = {
			isa = PBXGroup;
			children = (
				71AC81862692D77B00758994 /* MyPageDetailTopCVC.xib */,
				71AC81852692D77B00758994 /* MyPageDetailTopCVC.swift */,
				71AC818D2692F00D00758994 /* MyPageDetailPresentCVC.swift */,
				71AC818E2692F00D00758994 /* MyPageDetailPresentCVC.xib */,
				71AC81912692F1A700758994 /* MyPageDetailMemoCVC.swift */,
				71AC81922692F1A700758994 /* MyPageDetailMemoCVC.xib */,
				71DA81DE2694424D0062A3FA /* MyPageDetailPresentMoaCVC.swift */,
				71DA81DF2694424D0062A3FA /* MyPageDetailPresentMoaCVC.xib */,
			);
			path = Cell;
			sourceTree = "<group>";
		};
		71C197AA2697509E004C0490 /* MyPageProfile */ = {
			isa = PBXGroup;
			children = (
				71C197AB26975103004C0490 /* MyPageProfileVC.swift */,
				71C197AC26975103004C0490 /* MyPageProfileVC.xib */,
				717A024C269ACF2300241171 /* EditProfile */,
			);
			path = MyPageProfile;
			sourceTree = "<group>";
		};
		71D5D475269E867D004D9CC7 /* DataManager */ = {
			isa = PBXGroup;
			children = (
				71D5D479269E8704004D9CC7 /* MyPageDetailDataManager.swift */,
			);
			path = DataManager;
			sourceTree = "<group>";
		};
		71D5D476269E868A004D9CC7 /* DataModel */ = {
			isa = PBXGroup;
			children = (
				71D5D477269E86DD004D9CC7 /* MyPageDetailResponse.swift */,
			);
			path = DataModel;
			sourceTree = "<group>";
		};
		71E132322698770C00DB2D9F /* Cell */ = {
			isa = PBXGroup;
			children = (
				71E1323F26987EFD00DB2D9F /* MyPageHomeTopCVC.swift */,
				71E1324026987EFD00DB2D9F /* MyPageHomeTopCVC.xib */,
				71E1324326987F3200DB2D9F /* MyPageHomeHeaderCVC.swift */,
				71E1324426987F3200DB2D9F /* MyPageHomeHeaderCVC.xib */,
				71E1324726987F5200DB2D9F /* MyPageHomeFriendCVC.swift */,
				71E1324826987F5200DB2D9F /* MyPageHomeFriendCVC.xib */,
				71E1324B2698A8BF00DB2D9F /* FriendListCVC.swift */,
				71E1324C2698A8BF00DB2D9F /* FriendListCVC.xib */,
				71D5D47B269EB7C6004D9CC7 /* NavigationBarCVC.swift */,
				71D5D47C269EB7C6004D9CC7 /* NavigationBarCVC.xib */,
			);
			path = Cell;
			sourceTree = "<group>";
		};
		71E265C22699D7AE00BD6840 /* KeepinPlusFriend */ = {
			isa = PBXGroup;
			children = (
				71E265C32699D80900BD6840 /* KeepinPlusFriendVC.swift */,
				71E265C42699D80900BD6840 /* KeepinPlusFriendVC.xib */,
			);
			path = KeepinPlusFriend;
			sourceTree = "<group>";
		};
		7719B5792697082D00CBBB11 /* AfterCate */ = {
			isa = PBXGroup;
			children = (
				7719B57A269724A800CBBB11 /* AfterCatVC.swift */,
				7719B57B269724A800CBBB11 /* AfterCatVC.xib */,
			);
			path = AfterCate;
			sourceTree = "<group>";
		};
		7719B57F26979CF200CBBB11 /* ReminderAdd */ = {
			isa = PBXGroup;
			children = (
				7719B58026979D0800CBBB11 /* ReminderAddVC.swift */,
				7719B58126979D0800CBBB11 /* ReminderAddVC.xib */,
			);
			path = ReminderAdd;
			sourceTree = "<group>";
		};
		7719B588269A1D5000CBBB11 /* Cell */ = {
			isa = PBXGroup;
			children = (
				7719B58D269A1DBD00CBBB11 /* ReminderCVC.swift */,
				7719B58E269A1DBD00CBBB11 /* ReminderCVC.xib */,
				7719B591269AC9BB00CBBB11 /* ReminderTVC.swift */,
				7719B592269AC9BB00CBBB11 /* ReminderTVC.xib */,
			);
			path = Cell;
			sourceTree = "<group>";
		};
		7719B5AF269C048200CBBB11 /* Secret */ = {
			isa = PBXGroup;
			children = (
				7719B5B0269C049300CBBB11 /* Token.swift */,
			);
			path = Secret;
			sourceTree = "<group>";
		};
		7719B5C3269C2D9900CBBB11 /* DataModel */ = {
			isa = PBXGroup;
			children = (
				7719B5C5269C2E0300CBBB11 /* PresentMoaHomeRequest.swift */,
				7719B5C9269C2E2700CBBB11 /* PresentMoaHomeResponse.swift */,
			);
			path = DataModel;
			sourceTree = "<group>";
		};
		7719B5C4269C2DC400CBBB11 /* DataManager */ = {
			isa = PBXGroup;
			children = (
				7719B5C7269C2E1B00CBBB11 /* PresentMoaHomeDataManager.swift */,
			);
			path = DataManager;
			sourceTree = "<group>";
		};
		7719B5CB269C448500CBBB11 /* DataManager */ = {
			isa = PBXGroup;
			children = (
				7719B5CD269C459700CBBB11 /* SearchDataManager.swift */,
			);
			path = DataManager;
			sourceTree = "<group>";
		};
		7719B5CC269C449500CBBB11 /* DataModel */ = {
			isa = PBXGroup;
			children = (
				7719B5CF269C45A900CBBB11 /* SearchResponse.swift */,
				7719B5D1269C45B800CBBB11 /* SearchRequest.swift */,
			);
			path = DataModel;
			sourceTree = "<group>";
		};
		7719B5D5269D71B900CBBB11 /* DataModel */ = {
			isa = PBXGroup;
			children = (
				7719B5D7269D71D800CBBB11 /* PresentDetailResponse.swift */,
				7719B5D9269D71E400CBBB11 /* PresentDetailRequest.swift */,
			);
			path = DataModel;
			sourceTree = "<group>";
		};
		7719B5D6269D71C000CBBB11 /* DataManager */ = {
			isa = PBXGroup;
			children = (
				7719B5DB269D71F300CBBB11 /* PresentDetailDataManager.swift */,
			);
			path = DataManager;
			sourceTree = "<group>";
		};
		773D414B26942E6B00A4E366 /* Cell */ = {
			isa = PBXGroup;
			children = (
				773D414C26942E8000A4E366 /* PresentDetailCVC.swift */,
				773D414D26942E8000A4E366 /* PresentDetailCVC.xib */,
			);
			path = Cell;
			sourceTree = "<group>";
		};
		77F047D6268AF98F00FBFDD7 = {
			isa = PBXGroup;
			children = (
				77F047E1268AF98F00FBFDD7 /* Keepin_iOS */,
				77F047E0268AF98F00FBFDD7 /* Products */,
				9661911476B7DC078D5689FD /* Pods */,
				AD0CC9A2DDD379986F5A9BD9 /* Frameworks */,
			);
			sourceTree = "<group>";
		};
		77F047E0268AF98F00FBFDD7 /* Products */ = {
			isa = PBXGroup;
			children = (
				77F047DF268AF98F00FBFDD7 /* Keepin_iOS.app */,
			);
			name = Products;
			sourceTree = "<group>";
		};
		77F047E1268AF98F00FBFDD7 /* Keepin_iOS */ = {
			isa = PBXGroup;
			children = (
				77F04800268B0BCF00FBFDD7 /* Configuration */,
				77F047FF268B0BCB00FBFDD7 /* Sources */,
				77F047E2268AF98F00FBFDD7 /* AppDelegate.swift */,
				77F047E4268AF98F00FBFDD7 /* SceneDelegate.swift */,
				77F047EB268AF99900FBFDD7 /* Assets.xcassets */,
				77F047ED268AF99900FBFDD7 /* LaunchScreen.storyboard */,
				77F047F0268AF99900FBFDD7 /* Info.plist */,
			);
			path = Keepin_iOS;
			sourceTree = "<group>";
		};
		77F047FF268B0BCB00FBFDD7 /* Sources */ = {
			isa = PBXGroup;
			children = (
				15C122322692DA2D00838E55 /* Login */,
				15C122372693075400838E55 /* EmailLogin */,
				153462CE2694466500060E44 /* Join */,
				77F0480A268C441E00FBFDD7 /* Splash */,
				77F04819268C483C00FBFDD7 /* Home */,
				77F0481B268C490000FBFDD7 /* PresentMoa */,
				77F0481C268C496900FBFDD7 /* KeepinPlus */,
				77F549D1268ECF570013A76C /* Reminder */,
				77F0481A268C485A00FBFDD7 /* MyPage */,
			);
			path = Sources;
			sourceTree = "<group>";
		};
		77F04800268B0BCF00FBFDD7 /* Configuration */ = {
			isa = PBXGroup;
			children = (
				77F04805268B0CB000FBFDD7 /* Constants.swift */,
				15C121FA268E281800838E55 /* Font */,
				7719B5AF269C048200CBBB11 /* Secret */,
				77F04802268B0C2300FBFDD7 /* Extension */,
				77F04803268B0C4300FBFDD7 /* Base */,
			);
			path = Configuration;
			sourceTree = "<group>";
		};
		77F04802268B0C2300FBFDD7 /* Extension */ = {
			isa = PBXGroup;
			children = (
				77F04810268C44BA00FBFDD7 /* UIColor.swift */,
				77F04813268C454600FBFDD7 /* UIButton.swift */,
				77F04816268C45BB00FBFDD7 /* UIViewController.swift */,
				71F8F8BF268DFDE30031BC50 /* UIFont.swift */,
				7719B5862699CCA200CBBB11 /* Date.swift */,
				7719B595269ADE2900CBBB11 /* UISwitch.swift */,
				156E2946269E7CF7000CBEEA /* UIImageView.swift */,
			);
			path = Extension;
			sourceTree = "<group>";
		};
		77F04803268B0C4300FBFDD7 /* Base */ = {
			isa = PBXGroup;
			children = (
				77F04850268C4E2500FBFDD7 /* BaseTBC.swift */,
			);
			path = Base;
			sourceTree = "<group>";
		};
		77F0480A268C441E00FBFDD7 /* Splash */ = {
			isa = PBXGroup;
			children = (
				77F0481D268C49AE00FBFDD7 /* SplashVC.swift */,
				77F0481E268C49AE00FBFDD7 /* SplashVC.xib */,
			);
			path = Splash;
			sourceTree = "<group>";
		};
		77F04819268C483C00FBFDD7 /* Home */ = {
			isa = PBXGroup;
			children = (
				152439D0269C49CE009E5E8E /* DataManager */,
				152439D1269C49DA009E5E8E /* DataModel */,
				77F04823268C49BF00FBFDD7 /* HomeVC.swift */,
				77F04824268C49BF00FBFDD7 /* HomeVC.xib */,
				15C12225268ED48800838E55 /* Cell */,
			);
			path = Home;
			sourceTree = "<group>";
		};
		77F0481A268C485A00FBFDD7 /* MyPage */ = {
			isa = PBXGroup;
			children = (
				71C197AA2697509E004C0490 /* MyPageProfile */,
				77F04835268C4CEB00FBFDD7 /* MyPageHome */,
				77F04836268C4CF600FBFDD7 /* MyPageDetail */,
			);
			path = MyPage;
			sourceTree = "<group>";
		};
		77F0481B268C490000FBFDD7 /* PresentMoa */ = {
			isa = PBXGroup;
			children = (
				77F0482D268C4BCA00FBFDD7 /* PresentMoaHome */,
				77F0482E268C4BFF00FBFDD7 /* PresentDetail */,
				77F549D7268EE8DE0013A76C /* Search */,
			);
			path = PresentMoa;
			sourceTree = "<group>";
		};
		77F0481C268C496900FBFDD7 /* KeepinPlus */ = {
			isa = PBXGroup;
			children = (
				71E265C22699D7AE00BD6840 /* KeepinPlusFriend */,
				77F04842268C4D7600FBFDD7 /* KeepinPlusHome */,
				77F04843268C4D7F00FBFDD7 /* SelectFriend */,
			);
			path = KeepinPlus;
			sourceTree = "<group>";
		};
		77F0482D268C4BCA00FBFDD7 /* PresentMoaHome */ = {
			isa = PBXGroup;
			children = (
				7719B5C4269C2DC400CBBB11 /* DataManager */,
				7719B5C3269C2D9900CBBB11 /* DataModel */,
				77F549E9268F54F10013A76C /* Cell */,
				77F04828268C49D100FBFDD7 /* PresentMoaVC.swift */,
				77F04829268C49D100FBFDD7 /* PresentMoaVC.xib */,
			);
			path = PresentMoaHome;
			sourceTree = "<group>";
		};
		77F0482E268C4BFF00FBFDD7 /* PresentDetail */ = {
			isa = PBXGroup;
			children = (
				7719B5D6269D71C000CBBB11 /* DataManager */,
				7719B5D5269D71B900CBBB11 /* DataModel */,
				773D414B26942E6B00A4E366 /* Cell */,
				77F0482F268C4C3A00FBFDD7 /* PresentDetailVC.swift */,
				77F04830268C4C3A00FBFDD7 /* PresentDetailVC.xib */,
			);
			path = PresentDetail;
			sourceTree = "<group>";
		};
		77F04835268C4CEB00FBFDD7 /* MyPageHome */ = {
			isa = PBXGroup;
			children = (
				71210D4E269C92E300568982 /* DataManager */,
				71210D4D269C92DD00568982 /* DataModel */,
				71E1FBDF269BF530006A42C3 /* CustomCollectionViewFlowLayout.swift */,
				71E1322E269876FC00DB2D9F /* MyPageHomeVC.swift */,
				71E1322F269876FC00DB2D9F /* MyPageHomeVC.xib */,
				71E132322698770C00DB2D9F /* Cell */,
			);
			path = MyPageHome;
			sourceTree = "<group>";
		};
		77F04836268C4CF600FBFDD7 /* MyPageDetail */ = {
			isa = PBXGroup;
			children = (
				71D5D476269E868A004D9CC7 /* DataModel */,
				71D5D475269E867D004D9CC7 /* DataManager */,
				77F0483D268C4D2400FBFDD7 /* MyPageDetailVC.swift */,
				77F0483E268C4D2400FBFDD7 /* MyPageDetailVC.xib */,
				71C197B826977BBC004C0490 /* MyPageFriendFixVC.swift */,
				71C197B926977BBC004C0490 /* MyPageFriendFixVC.xib */,
				71AC81842692CFFE00758994 /* Cell */,
			);
			path = MyPageDetail;
			sourceTree = "<group>";
		};
		77F04842268C4D7600FBFDD7 /* KeepinPlusHome */ = {
			isa = PBXGroup;
			children = (
				77F04844268C4DA000FBFDD7 /* KeepinPlusVC.swift */,
				77F04845268C4DA000FBFDD7 /* KeepinPlusVC.xib */,
				1529FF7B26979F2A000AD789 /* Cell */,
			);
			path = KeepinPlusHome;
			sourceTree = "<group>";
		};
		77F04843268C4D7F00FBFDD7 /* SelectFriend */ = {
			isa = PBXGroup;
			children = (
				77F0484A268C4DB400FBFDD7 /* SelectFriendVC.swift */,
				77F0484B268C4DB400FBFDD7 /* SelectFriendVC.xib */,
			);
			path = SelectFriend;
			sourceTree = "<group>";
		};
		77F549D1268ECF570013A76C /* Reminder */ = {
			isa = PBXGroup;
			children = (
				7719B57F26979CF200CBBB11 /* ReminderAdd */,
				77F549D6268ECF770013A76C /* ReminderHome */,
			);
			path = Reminder;
			sourceTree = "<group>";
		};
		77F549D6268ECF770013A76C /* ReminderHome */ = {
			isa = PBXGroup;
			children = (
				7719B588269A1D5000CBBB11 /* Cell */,
				77F549D2268ECF6C0013A76C /* ReminderVC.swift */,
				77F549D3268ECF6C0013A76C /* ReminderVC.xib */,
			);
			path = ReminderHome;
			sourceTree = "<group>";
		};
		77F549D7268EE8DE0013A76C /* Search */ = {
			isa = PBXGroup;
			children = (
				7719B5CB269C448500CBBB11 /* DataManager */,
				7719B5CC269C449500CBBB11 /* DataModel */,
				7719B5792697082D00CBBB11 /* AfterCate */,
				77F549DC268EE92C0013A76C /* SearchVC.swift */,
				77F549DD268EE92C0013A76C /* SearchVC.xib */,
			);
			path = Search;
			sourceTree = "<group>";
		};
		77F549E9268F54F10013A76C /* Cell */ = {
			isa = PBXGroup;
			children = (
				77F549EA268F58970013A76C /* PresentMoaCVC.swift */,
				77F549EB268F58970013A76C /* PresentMoaCVC.xib */,
			);
			path = Cell;
			sourceTree = "<group>";
		};
		9661911476B7DC078D5689FD /* Pods */ = {
			isa = PBXGroup;
			children = (
				01D2ADA99388E4A9A27B4E30 /* Pods-Keepin_iOS.debug.xcconfig */,
				8BA10D144125EA8248AB93D9 /* Pods-Keepin_iOS.release.xcconfig */,
			);
			path = Pods;
			sourceTree = "<group>";
		};
		AD0CC9A2DDD379986F5A9BD9 /* Frameworks */ = {
			isa = PBXGroup;
			children = (
				274CF503951F717D4B7E43DE /* Pods_Keepin_iOS.framework */,
			);
			name = Frameworks;
			sourceTree = "<group>";
		};
/* End PBXGroup section */

/* Begin PBXNativeTarget section */
		77F047DE268AF98F00FBFDD7 /* Keepin_iOS */ = {
			isa = PBXNativeTarget;
			buildConfigurationList = 77F047F3268AF99900FBFDD7 /* Build configuration list for PBXNativeTarget "Keepin_iOS" */;
			buildPhases = (
				A1434D3DF92D31D99D7E2311 /* [CP] Check Pods Manifest.lock */,
				77F047DB268AF98F00FBFDD7 /* Sources */,
				77F047DC268AF98F00FBFDD7 /* Frameworks */,
				77F047DD268AF98F00FBFDD7 /* Resources */,
				C7B9E1ADD9A42E9C2A3B2CE9 /* [CP] Embed Pods Frameworks */,
			);
			buildRules = (
			);
			dependencies = (
			);
			name = Keepin_iOS;
			productName = Keepin_iOS;
			productReference = 77F047DF268AF98F00FBFDD7 /* Keepin_iOS.app */;
			productType = "com.apple.product-type.application";
		};
/* End PBXNativeTarget section */

/* Begin PBXProject section */
		77F047D7268AF98F00FBFDD7 /* Project object */ = {
			isa = PBXProject;
			attributes = {
				LastSwiftUpdateCheck = 1240;
				LastUpgradeCheck = 1240;
				TargetAttributes = {
					77F047DE268AF98F00FBFDD7 = {
						CreatedOnToolsVersion = 12.4;
					};
				};
			};
			buildConfigurationList = 77F047DA268AF98F00FBFDD7 /* Build configuration list for PBXProject "Keepin_iOS" */;
			compatibilityVersion = "Xcode 9.3";
			developmentRegion = en;
			hasScannedForEncodings = 0;
			knownRegions = (
				en,
				Base,
			);
			mainGroup = 77F047D6268AF98F00FBFDD7;
			productRefGroup = 77F047E0268AF98F00FBFDD7 /* Products */;
			projectDirPath = "";
			projectRoot = "";
			targets = (
				77F047DE268AF98F00FBFDD7 /* Keepin_iOS */,
			);
		};
/* End PBXProject section */

/* Begin PBXResourcesBuildPhase section */
		77F047DD268AF98F00FBFDD7 /* Resources */ = {
			isa = PBXResourcesBuildPhase;
			buildActionMask = 2147483647;
			files = (
				71E1324A26987F5200DB2D9F /* MyPageHomeFriendCVC.xib in Resources */,
				77F04847268C4DA000FBFDD7 /* KeepinPlusVC.xib in Resources */,
				15C12223268E2FBF00838E55 /* GmarketSansTTFBold.ttf in Resources */,
				7719B57D269724A900CBBB11 /* AfterCatVC.xib in Resources */,
				1529FF9F269985CB000AD789 /* KeepinPlusWriteTVC.xib in Resources */,
				7719B590269A1DBD00CBBB11 /* ReminderCVC.xib in Resources */,
				15C12221268E2FBF00838E55 /* NotoSansCJKkr-Regular.otf in Resources */,
				77F0482B268C49D100FBFDD7 /* PresentMoaVC.xib in Resources */,
				15243995269C1012009E5E8E /* KeepinPlusBlankTVC.xib in Resources */,
				77F549D5268ECF6C0013A76C /* ReminderVC.xib in Resources */,
				15C12229268ED4D900838E55 /* HomeEventTVC.xib in Resources */,
				77F04832268C4C3A00FBFDD7 /* PresentDetailVC.xib in Resources */,
				71AC81902692F00D00758994 /* MyPageDetailPresentCVC.xib in Resources */,
				7719B594269AC9BC00CBBB11 /* ReminderTVC.xib in Resources */,
				1529FF9B269985B9000AD789 /* KeppinPlusSelectTVC.xib in Resources */,
				773D414F26942E8000A4E366 /* PresentDetailCVC.xib in Resources */,
				71E1324626987F3200DB2D9F /* MyPageHomeHeaderCVC.xib in Resources */,
				71C197AE26975103004C0490 /* MyPageProfileVC.xib in Resources */,
				1529FF7F26979F57000AD789 /* KeepinPlusTitleTVC.xib in Resources */,
				71E1324E2698A8BF00DB2D9F /* FriendListCVC.xib in Resources */,
				77F047EF268AF99900FBFDD7 /* LaunchScreen.storyboard in Resources */,
				153462D22694468B00060E44 /* JoinFirstVC.xib in Resources */,
				77F549DF268EE92C0013A76C /* SearchVC.xib in Resources */,
				77F549ED268F58970013A76C /* PresentMoaCVC.xib in Resources */,
				15C1223B2693077E00838E55 /* EmailLoginVC.xib in Resources */,
				717A0259269ACFF800241171 /* MyPageEditPhoneVC.xib in Resources */,
				71AC81882692D77B00758994 /* MyPageDetailTopCVC.xib in Resources */,
				15C1221F268E2FBF00838E55 /* NotoSansCJKkr-Bold.otf in Resources */,
				153462D62694469900060E44 /* JoinSecondVC.xib in Resources */,
				77F04820268C49AE00FBFDD7 /* SplashVC.xib in Resources */,
				15C12224268E2FBF00838E55 /* GmarketSansTTFLight.ttf in Resources */,
				15C1222D268F063C00838E55 /* HomeTopTVC.xib in Resources */,
				71AC81942692F1A700758994 /* MyPageDetailMemoCVC.xib in Resources */,
				77F04826268C49BF00FBFDD7 /* HomeVC.xib in Resources */,
				77F0484D268C4DB400FBFDD7 /* SelectFriendVC.xib in Resources */,
				1529FF8F269984D2000AD789 /* KeepinPlusSearchTVC.xib in Resources */,
				15C122362692DA7300838E55 /* LoginFirstVC.xib in Resources */,
				71C197BB26977BBC004C0490 /* MyPageFriendFixVC.xib in Resources */,
				71E13231269876FC00DB2D9F /* MyPageHomeVC.xib in Resources */,
				15C12220268E2FBF00838E55 /* NotoSansCJKkr-Medium.otf in Resources */,
				717A0254269ACFC800241171 /* MyPageEditPwVC.xib in Resources */,
				7719B58326979D0900CBBB11 /* ReminderAddVC.xib in Resources */,
				1529FF8726998496000AD789 /* KeepinPlusInputTVC.xib in Resources */,
				71D5D47E269EB7C6004D9CC7 /* NavigationBarCVC.xib in Resources */,
				71E265C62699D80900BD6840 /* KeepinPlusFriendVC.xib in Resources */,
				77F047EC268AF99900FBFDD7 /* Assets.xcassets in Resources */,
				77F04840268C4D2400FBFDD7 /* MyPageDetailVC.xib in Resources */,
				15C12222268E2FBF00838E55 /* GmarketSansTTFMedium.ttf in Resources */,
				71E1324226987EFD00DB2D9F /* MyPageHomeTopCVC.xib in Resources */,
				71DA81E12694424D0062A3FA /* MyPageDetailPresentMoaCVC.xib in Resources */,
				717A0250269ACF9E00241171 /* MyPageEditNameVC.xib in Resources */,
				1529FF97269985A8000AD789 /* KeepinPlusCategoryTVC.xib in Resources */,
				1529FF9326998585000AD789 /* KeepinPlusImageTVC.xib in Resources */,
			);
			runOnlyForDeploymentPostprocessing = 0;
		};
/* End PBXResourcesBuildPhase section */

/* Begin PBXShellScriptBuildPhase section */
		A1434D3DF92D31D99D7E2311 /* [CP] Check Pods Manifest.lock */ = {
			isa = PBXShellScriptBuildPhase;
			buildActionMask = 2147483647;
			files = (
			);
			inputFileListPaths = (
			);
			inputPaths = (
				"${PODS_PODFILE_DIR_PATH}/Podfile.lock",
				"${PODS_ROOT}/Manifest.lock",
			);
			name = "[CP] Check Pods Manifest.lock";
			outputFileListPaths = (
			);
			outputPaths = (
				"$(DERIVED_FILE_DIR)/Pods-Keepin_iOS-checkManifestLockResult.txt",
			);
			runOnlyForDeploymentPostprocessing = 0;
			shellPath = /bin/sh;
			shellScript = "diff \"${PODS_PODFILE_DIR_PATH}/Podfile.lock\" \"${PODS_ROOT}/Manifest.lock\" > /dev/null\nif [ $? != 0 ] ; then\n    # print error to STDERR\n    echo \"error: The sandbox is not in sync with the Podfile.lock. Run 'pod install' or update your CocoaPods installation.\" >&2\n    exit 1\nfi\n# This output is used by Xcode 'outputs' to avoid re-running this script phase.\necho \"SUCCESS\" > \"${SCRIPT_OUTPUT_FILE_0}\"\n";
			showEnvVarsInLog = 0;
		};
		C7B9E1ADD9A42E9C2A3B2CE9 /* [CP] Embed Pods Frameworks */ = {
			isa = PBXShellScriptBuildPhase;
			buildActionMask = 2147483647;
			files = (
			);
			inputFileListPaths = (
				"${PODS_ROOT}/Target Support Files/Pods-Keepin_iOS/Pods-Keepin_iOS-frameworks-${CONFIGURATION}-input-files.xcfilelist",
			);
			name = "[CP] Embed Pods Frameworks";
			outputFileListPaths = (
				"${PODS_ROOT}/Target Support Files/Pods-Keepin_iOS/Pods-Keepin_iOS-frameworks-${CONFIGURATION}-output-files.xcfilelist",
			);
			runOnlyForDeploymentPostprocessing = 0;
			shellPath = /bin/sh;
			shellScript = "\"${PODS_ROOT}/Target Support Files/Pods-Keepin_iOS/Pods-Keepin_iOS-frameworks.sh\"\n";
			showEnvVarsInLog = 0;
		};
/* End PBXShellScriptBuildPhase section */

/* Begin PBXSourcesBuildPhase section */
		77F047DB268AF98F00FBFDD7 /* Sources */ = {
			isa = PBXSourcesBuildPhase;
			buildActionMask = 2147483647;
			files = (
				1529FF9A269985B9000AD789 /* KeppinPlusSelectTVC.swift in Sources */,
				7719B58226979D0900CBBB11 /* ReminderAddVC.swift in Sources */,
				71D5D478269E86DD004D9CC7 /* MyPageDetailResponse.swift in Sources */,
				7719B5D0269C45A900CBBB11 /* SearchResponse.swift in Sources */,
				7719B58F269A1DBD00CBBB11 /* ReminderCVC.swift in Sources */,
				77F04817268C45BB00FBFDD7 /* UIViewController.swift in Sources */,
				1529FF9E269985CB000AD789 /* KeepinPlusWriteTVC.swift in Sources */,
				77F549EC268F58970013A76C /* PresentMoaCVC.swift in Sources */,
				717A0258269ACFF800241171 /* MyPageEditPhoneVC.swift in Sources */,
				7719B596269ADE2900CBBB11 /* UISwitch.swift in Sources */,
				7719B5C6269C2E0300CBBB11 /* PresentMoaHomeRequest.swift in Sources */,
				7719B5DA269D71E400CBBB11 /* PresentDetailRequest.swift in Sources */,
				1529FF8626998496000AD789 /* KeepinPlusInputTVC.swift in Sources */,
				7719B5B1269C049400CBBB11 /* Token.swift in Sources */,
				71E265C52699D80900BD6840 /* KeepinPlusFriendVC.swift in Sources */,
				71F8F8C0268DFDE30031BC50 /* UIFont.swift in Sources */,
				71C197AD26975103004C0490 /* MyPageProfileVC.swift in Sources */,
				71AC81872692D77B00758994 /* MyPageDetailTopCVC.swift in Sources */,
				71D5D47D269EB7C6004D9CC7 /* NavigationBarCVC.swift in Sources */,
				773D414E26942E8000A4E366 /* PresentDetailCVC.swift in Sources */,
				7719B5D8269D71D900CBBB11 /* PresentDetailResponse.swift in Sources */,
				15C1222C268F063C00838E55 /* HomeTopTVC.swift in Sources */,
				71210D50269C931C00568982 /* MyPageHomeDataManager.swift in Sources */,
				7719B5CE269C459700CBBB11 /* SearchDataManager.swift in Sources */,
				152439EA269D4AAA009E5E8E /* EmailLoginDataManager.swift in Sources */,
				152439D3269C49F8009E5E8E /* HomeResponse.swift in Sources */,
				71E1324526987F3200DB2D9F /* MyPageHomeHeaderCVC.swift in Sources */,
				713D383C269D64C500BABA1E /* MyPageFriendResponse.swift in Sources */,
				77F0484C268C4DB400FBFDD7 /* SelectFriendVC.swift in Sources */,
				77F04831268C4C3A00FBFDD7 /* PresentDetailVC.swift in Sources */,
				77F549D4268ECF6C0013A76C /* ReminderVC.swift in Sources */,
				77F047E3268AF98F00FBFDD7 /* AppDelegate.swift in Sources */,
				77F04825268C49BF00FBFDD7 /* HomeVC.swift in Sources */,
				15B71A55269D7CD600ED68E0 /* JoinDataManager.swift in Sources */,
				7719B5872699CCA300CBBB11 /* Date.swift in Sources */,
				71210D52269C934C00568982 /* MyPageHomeResponse.swift in Sources */,
				71AC81932692F1A700758994 /* MyPageDetailMemoCVC.swift in Sources */,
				7719B57C269724A900CBBB11 /* AfterCatVC.swift in Sources */,
				152439E8269D4A91009E5E8E /* EmailLoginResponse.swift in Sources */,
				77F04851268C4E2500FBFDD7 /* BaseTBC.swift in Sources */,
				77F04846268C4DA000FBFDD7 /* KeepinPlusVC.swift in Sources */,
				77F047E5268AF98F00FBFDD7 /* SceneDelegate.swift in Sources */,
				7719B5DC269D71F300CBBB11 /* PresentDetailDataManager.swift in Sources */,
				71E1324D2698A8BF00DB2D9F /* FriendListCVC.swift in Sources */,
				1529FF8E269984D2000AD789 /* KeepinPlusSearchTVC.swift in Sources */,
				153462D52694469900060E44 /* JoinSecondVC.swift in Sources */,
				71D5D47A269E8704004D9CC7 /* MyPageDetailDataManager.swift in Sources */,
				71AC818F2692F00D00758994 /* MyPageDetailPresentCVC.swift in Sources */,
				15243994269C1012009E5E8E /* KeepinPlusBlankTVC.swift in Sources */,
				15B71A51269D7CC500ED68E0 /* JoinRequest.swift in Sources */,
				71E1FBE0269BF530006A42C3 /* CustomCollectionViewFlowLayout.swift in Sources */,
				15B71A53269D7CCE00ED68E0 /* JoinResponse.swift in Sources */,
				1529FF96269985A8000AD789 /* KeepinPlusCategoryTVC.swift in Sources */,
				7719B5C8269C2E1B00CBBB11 /* PresentMoaHomeDataManager.swift in Sources */,
				1529FF7E26979F57000AD789 /* KeepinPlusTitleTVC.swift in Sources */,
				1529FF9226998585000AD789 /* KeepinPlusImageTVC.swift in Sources */,
				77F04806268B0CB000FBFDD7 /* Constants.swift in Sources */,
				7719B5CA269C2E2700CBBB11 /* PresentMoaHomeResponse.swift in Sources */,
				153462D12694468B00060E44 /* JoinFirstVC.swift in Sources */,
				71C197BA26977BBC004C0490 /* MyPageFriendFixVC.swift in Sources */,
				152439E6269D4A89009E5E8E /* EmailLoginRequest.swift in Sources */,
				152439D5269C4A05009E5E8E /* HomeDataManager.swift in Sources */,
				71E1324126987EFD00DB2D9F /* MyPageHomeTopCVC.swift in Sources */,
				71E1324926987F5200DB2D9F /* MyPageHomeFriendCVC.swift in Sources */,
				7719B5D2269C45B800CBBB11 /* SearchRequest.swift in Sources */,
				7719B593269AC9BC00CBBB11 /* ReminderTVC.swift in Sources */,
				15C1223A2693077E00838E55 /* EmailLoginVC.swift in Sources */,
				77F549DE268EE92C0013A76C /* SearchVC.swift in Sources */,
				15C122352692DA7300838E55 /* LoginFirstVC.swift in Sources */,
				71E13230269876FC00DB2D9F /* MyPageHomeVC.swift in Sources */,
				77F0483F268C4D2400FBFDD7 /* MyPageDetailVC.swift in Sources */,
				71DA81E02694424D0062A3FA /* MyPageDetailPresentMoaCVC.swift in Sources */,
				77F0481F268C49AE00FBFDD7 /* SplashVC.swift in Sources */,
				717A0253269ACFC800241171 /* MyPageEditPwVC.swift in Sources */,
				77F04811268C44BA00FBFDD7 /* UIColor.swift in Sources */,
				156E2947269E7CF7000CBEEA /* UIImageView.swift in Sources */,
				15C12228268ED4D900838E55 /* HomeEventTVC.swift in Sources */,
				77F0482A268C49D100FBFDD7 /* PresentMoaVC.swift in Sources */,
				717A024F269ACF9E00241171 /* MyPageEditNameVC.swift in Sources */,
				77F04814268C454600FBFDD7 /* UIButton.swift in Sources */,
			);
			runOnlyForDeploymentPostprocessing = 0;
		};
/* End PBXSourcesBuildPhase section */

/* Begin PBXVariantGroup section */
		77F047ED268AF99900FBFDD7 /* LaunchScreen.storyboard */ = {
			isa = PBXVariantGroup;
			children = (
				77F047EE268AF99900FBFDD7 /* Base */,
			);
			name = LaunchScreen.storyboard;
			sourceTree = "<group>";
		};
/* End PBXVariantGroup section */

/* Begin XCBuildConfiguration section */
		77F047F1268AF99900FBFDD7 /* Debug */ = {
			isa = XCBuildConfiguration;
			buildSettings = {
				ALWAYS_SEARCH_USER_PATHS = NO;
				CLANG_ANALYZER_NONNULL = YES;
				CLANG_ANALYZER_NUMBER_OBJECT_CONVERSION = YES_AGGRESSIVE;
				CLANG_CXX_LANGUAGE_STANDARD = "gnu++14";
				CLANG_CXX_LIBRARY = "libc++";
				CLANG_ENABLE_MODULES = YES;
				CLANG_ENABLE_OBJC_ARC = YES;
				CLANG_ENABLE_OBJC_WEAK = YES;
				CLANG_WARN_BLOCK_CAPTURE_AUTORELEASING = YES;
				CLANG_WARN_BOOL_CONVERSION = YES;
				CLANG_WARN_COMMA = YES;
				CLANG_WARN_CONSTANT_CONVERSION = YES;
				CLANG_WARN_DEPRECATED_OBJC_IMPLEMENTATIONS = YES;
				CLANG_WARN_DIRECT_OBJC_ISA_USAGE = YES_ERROR;
				CLANG_WARN_DOCUMENTATION_COMMENTS = YES;
				CLANG_WARN_EMPTY_BODY = YES;
				CLANG_WARN_ENUM_CONVERSION = YES;
				CLANG_WARN_INFINITE_RECURSION = YES;
				CLANG_WARN_INT_CONVERSION = YES;
				CLANG_WARN_NON_LITERAL_NULL_CONVERSION = YES;
				CLANG_WARN_OBJC_IMPLICIT_RETAIN_SELF = YES;
				CLANG_WARN_OBJC_LITERAL_CONVERSION = YES;
				CLANG_WARN_OBJC_ROOT_CLASS = YES_ERROR;
				CLANG_WARN_QUOTED_INCLUDE_IN_FRAMEWORK_HEADER = YES;
				CLANG_WARN_RANGE_LOOP_ANALYSIS = YES;
				CLANG_WARN_STRICT_PROTOTYPES = YES;
				CLANG_WARN_SUSPICIOUS_MOVE = YES;
				CLANG_WARN_UNGUARDED_AVAILABILITY = YES_AGGRESSIVE;
				CLANG_WARN_UNREACHABLE_CODE = YES;
				CLANG_WARN__DUPLICATE_METHOD_MATCH = YES;
				COPY_PHASE_STRIP = NO;
				DEBUG_INFORMATION_FORMAT = dwarf;
				ENABLE_STRICT_OBJC_MSGSEND = YES;
				ENABLE_TESTABILITY = YES;
				GCC_C_LANGUAGE_STANDARD = gnu11;
				GCC_DYNAMIC_NO_PIC = NO;
				GCC_NO_COMMON_BLOCKS = YES;
				GCC_OPTIMIZATION_LEVEL = 0;
				GCC_PREPROCESSOR_DEFINITIONS = (
					"DEBUG=1",
					"$(inherited)",
				);
				GCC_WARN_64_TO_32_BIT_CONVERSION = YES;
				GCC_WARN_ABOUT_RETURN_TYPE = YES_ERROR;
				GCC_WARN_UNDECLARED_SELECTOR = YES;
				GCC_WARN_UNINITIALIZED_AUTOS = YES_AGGRESSIVE;
				GCC_WARN_UNUSED_FUNCTION = YES;
				GCC_WARN_UNUSED_VARIABLE = YES;
				IPHONEOS_DEPLOYMENT_TARGET = 14.1;
				MTL_ENABLE_DEBUG_INFO = INCLUDE_SOURCE;
				MTL_FAST_MATH = YES;
				ONLY_ACTIVE_ARCH = YES;
				SDKROOT = iphoneos;
				SWIFT_ACTIVE_COMPILATION_CONDITIONS = DEBUG;
				SWIFT_OPTIMIZATION_LEVEL = "-Onone";
			};
			name = Debug;
		};
		77F047F2268AF99900FBFDD7 /* Release */ = {
			isa = XCBuildConfiguration;
			buildSettings = {
				ALWAYS_SEARCH_USER_PATHS = NO;
				CLANG_ANALYZER_NONNULL = YES;
				CLANG_ANALYZER_NUMBER_OBJECT_CONVERSION = YES_AGGRESSIVE;
				CLANG_CXX_LANGUAGE_STANDARD = "gnu++14";
				CLANG_CXX_LIBRARY = "libc++";
				CLANG_ENABLE_MODULES = YES;
				CLANG_ENABLE_OBJC_ARC = YES;
				CLANG_ENABLE_OBJC_WEAK = YES;
				CLANG_WARN_BLOCK_CAPTURE_AUTORELEASING = YES;
				CLANG_WARN_BOOL_CONVERSION = YES;
				CLANG_WARN_COMMA = YES;
				CLANG_WARN_CONSTANT_CONVERSION = YES;
				CLANG_WARN_DEPRECATED_OBJC_IMPLEMENTATIONS = YES;
				CLANG_WARN_DIRECT_OBJC_ISA_USAGE = YES_ERROR;
				CLANG_WARN_DOCUMENTATION_COMMENTS = YES;
				CLANG_WARN_EMPTY_BODY = YES;
				CLANG_WARN_ENUM_CONVERSION = YES;
				CLANG_WARN_INFINITE_RECURSION = YES;
				CLANG_WARN_INT_CONVERSION = YES;
				CLANG_WARN_NON_LITERAL_NULL_CONVERSION = YES;
				CLANG_WARN_OBJC_IMPLICIT_RETAIN_SELF = YES;
				CLANG_WARN_OBJC_LITERAL_CONVERSION = YES;
				CLANG_WARN_OBJC_ROOT_CLASS = YES_ERROR;
				CLANG_WARN_QUOTED_INCLUDE_IN_FRAMEWORK_HEADER = YES;
				CLANG_WARN_RANGE_LOOP_ANALYSIS = YES;
				CLANG_WARN_STRICT_PROTOTYPES = YES;
				CLANG_WARN_SUSPICIOUS_MOVE = YES;
				CLANG_WARN_UNGUARDED_AVAILABILITY = YES_AGGRESSIVE;
				CLANG_WARN_UNREACHABLE_CODE = YES;
				CLANG_WARN__DUPLICATE_METHOD_MATCH = YES;
				COPY_PHASE_STRIP = NO;
				DEBUG_INFORMATION_FORMAT = "dwarf-with-dsym";
				ENABLE_NS_ASSERTIONS = NO;
				ENABLE_STRICT_OBJC_MSGSEND = YES;
				GCC_C_LANGUAGE_STANDARD = gnu11;
				GCC_NO_COMMON_BLOCKS = YES;
				GCC_WARN_64_TO_32_BIT_CONVERSION = YES;
				GCC_WARN_ABOUT_RETURN_TYPE = YES_ERROR;
				GCC_WARN_UNDECLARED_SELECTOR = YES;
				GCC_WARN_UNINITIALIZED_AUTOS = YES_AGGRESSIVE;
				GCC_WARN_UNUSED_FUNCTION = YES;
				GCC_WARN_UNUSED_VARIABLE = YES;
				IPHONEOS_DEPLOYMENT_TARGET = 14.1;
				MTL_ENABLE_DEBUG_INFO = NO;
				MTL_FAST_MATH = YES;
				SDKROOT = iphoneos;
				SWIFT_COMPILATION_MODE = wholemodule;
				SWIFT_OPTIMIZATION_LEVEL = "-O";
				VALIDATE_PRODUCT = YES;
			};
			name = Release;
		};
		77F047F4268AF99900FBFDD7 /* Debug */ = {
			isa = XCBuildConfiguration;
			baseConfigurationReference = 01D2ADA99388E4A9A27B4E30 /* Pods-Keepin_iOS.debug.xcconfig */;
			buildSettings = {
				ASSETCATALOG_COMPILER_APPICON_NAME = AppIcon;
				ASSETCATALOG_COMPILER_GLOBAL_ACCENT_COLOR_NAME = AccentColor;
				CODE_SIGN_STYLE = Automatic;
				DEVELOPMENT_TEAM = 4QG3GC35LA;
				INFOPLIST_FILE = Keepin_iOS/Info.plist;
				LD_RUNPATH_SEARCH_PATHS = (
					"$(inherited)",
					"@executable_path/Frameworks",
				);
				PRODUCT_BUNDLE_IDENTIFIER = "YJC.Keepin-iOS.com";
				PRODUCT_NAME = "$(TARGET_NAME)";
				SWIFT_VERSION = 5.0;
				TARGETED_DEVICE_FAMILY = "1,2";
			};
			name = Debug;
		};
		77F047F5268AF99900FBFDD7 /* Release */ = {
			isa = XCBuildConfiguration;
			baseConfigurationReference = 8BA10D144125EA8248AB93D9 /* Pods-Keepin_iOS.release.xcconfig */;
			buildSettings = {
				ASSETCATALOG_COMPILER_APPICON_NAME = AppIcon;
				ASSETCATALOG_COMPILER_GLOBAL_ACCENT_COLOR_NAME = AccentColor;
				CODE_SIGN_STYLE = Automatic;
				DEVELOPMENT_TEAM = 4QG3GC35LA;
				INFOPLIST_FILE = Keepin_iOS/Info.plist;
				LD_RUNPATH_SEARCH_PATHS = (
					"$(inherited)",
					"@executable_path/Frameworks",
				);
				PRODUCT_BUNDLE_IDENTIFIER = "YJC.Keepin-iOS.com";
				PRODUCT_NAME = "$(TARGET_NAME)";
				SWIFT_VERSION = 5.0;
				TARGETED_DEVICE_FAMILY = "1,2";
			};
			name = Release;
		};
/* End XCBuildConfiguration section */

/* Begin XCConfigurationList section */
		77F047DA268AF98F00FBFDD7 /* Build configuration list for PBXProject "Keepin_iOS" */ = {
			isa = XCConfigurationList;
			buildConfigurations = (
				77F047F1268AF99900FBFDD7 /* Debug */,
				77F047F2268AF99900FBFDD7 /* Release */,
			);
			defaultConfigurationIsVisible = 0;
			defaultConfigurationName = Release;
		};
		77F047F3268AF99900FBFDD7 /* Build configuration list for PBXNativeTarget "Keepin_iOS" */ = {
			isa = XCConfigurationList;
			buildConfigurations = (
				77F047F4268AF99900FBFDD7 /* Debug */,
				77F047F5268AF99900FBFDD7 /* Release */,
			);
			defaultConfigurationIsVisible = 0;
			defaultConfigurationName = Release;
		};
/* End XCConfigurationList section */
	};
	rootObject = 77F047D7268AF98F00FBFDD7 /* Project object */;
}
